{
  "version": 4,
  "terraform_version": "1.2.3",
  "serial": 16,
  "lineage": "336b1724-c1ea-7145-80ab-a74a12d04706",
  "outputs": {
    "id": {
      "value": "google_compute_instance_group.staging_group.id",
      "type": "string"
    }
  },
  "resources": [
    {
      "module": "module.staging_group",
      "mode": "data",
      "type": "google_compute_image",
      "name": "debian_image",
      "provider": "module.staging_group.provider[\"registry.terraform.io/hashicorp/google\"]",
      "instances": [
        {
          "schema_version": 0,
          "attributes": {
            "archive_size_bytes": 2693727552,
            "creation_timestamp": "2022-06-21T14:13:45.787-07:00",
            "description": "Debian, Debian GNU/Linux, 9 (stretch), amd64 built on 20220621",
            "disk_size_gb": 10,
            "family": "debian-9",
            "filter": null,
            "id": "projects/debian-cloud/global/images/debian-9-stretch-v20220621",
            "image_encryption_key_sha256": "",
            "image_id": "7619786046600874598",
            "label_fingerprint": "42WmSpB8rSM=",
            "labels": {},
            "licenses": [
              "https://www.googleapis.com/compute/v1/projects/debian-cloud/global/licenses/debian-9-stretch"
            ],
            "name": "debian-9-stretch-v20220621",
            "project": "debian-cloud",
            "self_link": "https://www.googleapis.com/compute/v1/projects/debian-cloud/global/images/debian-9-stretch-v20220621",
            "source_disk": "",
            "source_disk_encryption_key_sha256": "",
            "source_disk_id": "",
            "source_image_id": "",
            "status": "READY"
          },
          "sensitive_attributes": []
        }
      ]
    },
    {
      "module": "module.staging_group",
      "mode": "managed",
      "type": "google_compute_backend_service",
      "name": "staging_service",
      "provider": "module.staging_group.provider[\"registry.terraform.io/hashicorp/google\"]",
      "instances": [
        {
          "schema_version": 1,
          "attributes": {
            "affinity_cookie_ttl_sec": 0,
            "backend": [
              {
                "balancing_mode": "UTILIZATION",
                "capacity_scaler": 1,
                "description": "",
                "group": "https://www.googleapis.com/compute/v1/projects/focal-balm-350606/zones/us-central1-c/instanceGroups/staging-instance-group",
                "max_connections": 0,
                "max_connections_per_endpoint": 0,
                "max_connections_per_instance": 0,
                "max_rate": 0,
                "max_rate_per_endpoint": 0,
                "max_rate_per_instance": 0,
                "max_utilization": 0
              }
            ],
            "cdn_policy": [],
            "circuit_breakers": [],
            "connection_draining_timeout_sec": 300,
            "consistent_hash": [],
            "creation_timestamp": "2022-07-06T03:54:06.201-07:00",
            "custom_request_headers": null,
            "custom_response_headers": null,
            "description": "",
            "enable_cdn": false,
            "fingerprint": "Wahdg9cOg8w=",
            "health_checks": [
              "projects/focal-balm-350606/global/httpsHealthChecks/staginghealth"
            ],
            "iap": [],
            "id": "projects/focal-balm-350606/global/backendServices/staging-service",
            "load_balancing_scheme": "EXTERNAL",
            "locality_lb_policy": "",
            "log_config": [],
            "name": "staging-service",
            "outlier_detection": [],
            "port_name": "https",
            "project": "focal-balm-350606",
            "protocol": "HTTPS",
            "security_policy": "",
            "security_settings": [],
            "self_link": "https://www.googleapis.com/compute/v1/projects/focal-balm-350606/global/backendServices/staging-service",
            "session_affinity": "NONE",
            "timeout_sec": 30,
            "timeouts": null
          },
          "sensitive_attributes": [],
          "private": "eyJlMmJmYjczMC1lY2FhLTExZTYtOGY4OC0zNDM2M2JjN2M0YzAiOnsiY3JlYXRlIjoxMjAwMDAwMDAwMDAwLCJkZWxldGUiOjEyMDAwMDAwMDAwMDAsInVwZGF0ZSI6MTIwMDAwMDAwMDAwMH0sInNjaGVtYV92ZXJzaW9uIjoiMSJ9",
          "dependencies": [
            "module.staging_group.data.google_compute_image.debian_image",
            "module.staging_group.google_compute_https_health_check.staging_health",
            "module.staging_group.google_compute_instance.staging_vm",
            "module.staging_group.google_compute_instance_group.staging_group"
          ]
        }
      ]
    },
    {
      "module": "module.staging_group",
      "mode": "managed",
      "type": "google_compute_https_health_check",
      "name": "staging_health",
      "provider": "module.staging_group.provider[\"registry.terraform.io/hashicorp/google\"]",
      "instances": [
        {
          "schema_version": 0,
          "attributes": {
            "check_interval_sec": 5,
            "creation_timestamp": "2022-07-06T03:53:43.161-07:00",
            "description": "",
            "healthy_threshold": 2,
            "host": "",
            "id": "projects/focal-balm-350606/global/httpsHealthChecks/staginghealth",
            "name": "staginghealth",
            "port": 443,
            "project": "focal-balm-350606",
            "request_path": "/health_check",
            "self_link": "https://www.googleapis.com/compute/v1/projects/focal-balm-350606/global/httpsHealthChecks/staginghealth",
            "timeout_sec": 5,
            "timeouts": null,
            "unhealthy_threshold": 2
          },
          "sensitive_attributes": [],
          "private": "eyJlMmJmYjczMC1lY2FhLTExZTYtOGY4OC0zNDM2M2JjN2M0YzAiOnsiY3JlYXRlIjoxMjAwMDAwMDAwMDAwLCJkZWxldGUiOjEyMDAwMDAwMDAwMDAsInVwZGF0ZSI6MTIwMDAwMDAwMDAwMH19"
        }
      ]
    },
    {
      "module": "module.staging_group",
      "mode": "managed",
      "type": "google_compute_instance",
      "name": "staging_vm",
      "provider": "module.staging_group.provider[\"registry.terraform.io/hashicorp/google\"]",
      "instances": [
        {
          "schema_version": 6,
          "attributes": {
            "advanced_machine_features": [],
            "allow_stopping_for_update": null,
            "attached_disk": [],
            "boot_disk": [
              {
                "auto_delete": true,
                "device_name": "persistent-disk-0",
                "disk_encryption_key_raw": "",
                "disk_encryption_key_sha256": "",
                "initialize_params": [
                  {
                    "image": "https://www.googleapis.com/compute/v1/projects/debian-cloud/global/images/debian-9-stretch-v20220621",
                    "labels": {},
                    "size": 10,
                    "type": "pd-standard"
                  }
                ],
                "kms_key_self_link": "",
                "mode": "READ_WRITE",
                "source": "https://www.googleapis.com/compute/v1/projects/focal-balm-350606/zones/us-central1-c/disks/staging-vm"
              }
            ],
            "can_ip_forward": false,
            "confidential_instance_config": [],
            "cpu_platform": "AMD Rome",
            "current_status": "RUNNING",
            "deletion_protection": false,
            "description": "",
            "desired_status": null,
            "enable_display": false,
            "guest_accelerator": [],
            "hostname": "",
            "id": "projects/focal-balm-350606/zones/us-central1-c/instances/staging-vm",
            "instance_id": "1429425244516964183",
            "label_fingerprint": "42WmSpB8rSM=",
            "labels": null,
            "machine_type": "e2-medium",
            "metadata": null,
            "metadata_fingerprint": "oLfYTpOLEFM=",
            "metadata_startup_script": null,
            "min_cpu_platform": "",
            "name": "staging-vm",
            "network_interface": [
              {
                "access_config": [],
                "alias_ip_range": [],
                "ipv6_access_config": [],
                "ipv6_access_type": "",
                "name": "nic0",
                "network": "https://www.googleapis.com/compute/v1/projects/focal-balm-350606/global/networks/default",
                "network_ip": "10.128.0.26",
                "nic_type": "",
                "queue_count": 0,
                "stack_type": "IPV4_ONLY",
                "subnetwork": "https://www.googleapis.com/compute/v1/projects/focal-balm-350606/regions/us-central1/subnetworks/default",
                "subnetwork_project": "focal-balm-350606"
              }
            ],
            "project": "focal-balm-350606",
            "reservation_affinity": [],
            "resource_policies": null,
            "scheduling": [
              {
                "automatic_restart": true,
                "min_node_cpus": 0,
                "node_affinities": [],
                "on_host_maintenance": "MIGRATE",
                "preemptible": false,
                "provisioning_model": "STANDARD"
              }
            ],
            "scratch_disk": [],
            "self_link": "https://www.googleapis.com/compute/v1/projects/focal-balm-350606/zones/us-central1-c/instances/staging-vm",
            "service_account": [],
            "shielded_instance_config": [],
            "tags": null,
            "tags_fingerprint": "42WmSpB8rSM=",
            "timeouts": null,
            "zone": "us-central1-c"
          },
          "sensitive_attributes": [],
          "private": "eyJlMmJmYjczMC1lY2FhLTExZTYtOGY4OC0zNDM2M2JjN2M0YzAiOnsiY3JlYXRlIjoxMjAwMDAwMDAwMDAwLCJkZWxldGUiOjEyMDAwMDAwMDAwMDAsInVwZGF0ZSI6MTIwMDAwMDAwMDAwMH0sInNjaGVtYV92ZXJzaW9uIjoiNiJ9",
          "dependencies": [
            "module.staging_group.data.google_compute_image.debian_image"
          ],
          "create_before_destroy": true
        }
      ]
    },
    {
      "module": "module.staging_group",
      "mode": "managed",
      "type": "google_compute_instance_group",
      "name": "staging_group",
      "provider": "module.staging_group.provider[\"registry.terraform.io/hashicorp/google\"]",
      "instances": [
        {
          "schema_version": 2,
          "attributes": {
            "description": "",
            "id": "projects/focal-balm-350606/zones/us-central1-c/instanceGroups/staging-instance-group",
            "instances": [
              "projects/focal-balm-350606/zones/us-central1-c/instances/staging-vm"
            ],
            "name": "staging-instance-group",
            "named_port": [
              {
                "name": "http",
                "port": 8080
              },
              {
                "name": "https",
                "port": 8443
              }
            ],
            "network": "https://www.googleapis.com/compute/v1/projects/focal-balm-350606/global/networks/default",
            "project": "focal-balm-350606",
            "self_link": "https://www.googleapis.com/compute/v1/projects/focal-balm-350606/zones/us-central1-c/instanceGroups/staging-instance-group",
            "size": 1,
            "timeouts": null,
            "zone": "us-central1-c"
          },
          "sensitive_attributes": [],
          "private": "eyJlMmJmYjczMC1lY2FhLTExZTYtOGY4OC0zNDM2M2JjN2M0YzAiOnsiY3JlYXRlIjozNjAwMDAwMDAwMDAsImRlbGV0ZSI6MzYwMDAwMDAwMDAwLCJ1cGRhdGUiOjM2MDAwMDAwMDAwMH0sInNjaGVtYV92ZXJzaW9uIjoiMiJ9",
          "dependencies": [
            "module.staging_group.data.google_compute_image.debian_image",
            "module.staging_group.google_compute_instance.staging_vm"
          ],
          "create_before_destroy": true
        }
      ]
    }
  ]
}
