{
  "version": 4,
  "terraform_version": "1.1.9",
  "serial": 44,
  "lineage": "aacff2f4-0335-3e87-830e-4a48661a7108",
  "outputs": {
    "id": {
      "value": "projects/focal-balm-350606/zones/us-central1-a/instances/test1",
      "type": "string"
    }
  },
  "resources": [
    {
      "module": "module.default",
      "mode": "managed",
      "type": "google_compute_firewall",
      "name": "default",
      "provider": "module.default.provider[\"registry.terraform.io/hashicorp/google\"]",
      "instances": [
        {
          "schema_version": 1,
          "attributes": {
            "allow": [
              {
                "ports": [
                  "80",
                  "8080",
                  "1000-2000"
                ],
                "protocol": "tcp"
              }
            ],
            "creation_timestamp": "2022-06-03T03:48:59.494-07:00",
            "deny": [],
            "description": "",
            "destination_ranges": [],
            "direction": "INGRESS",
            "disabled": false,
            "enable_logging": null,
            "id": "projects/focal-balm-350606/global/firewalls/firewall1",
            "log_config": [],
            "name": "firewall1",
            "network": "https://www.googleapis.com/compute/v1/projects/focal-balm-350606/global/networks/network2",
            "priority": 1000,
            "project": "focal-balm-350606",
            "self_link": "https://www.googleapis.com/compute/v1/projects/focal-balm-350606/global/firewalls/firewall1",
            "source_ranges": [],
            "source_service_accounts": [],
            "source_tags": [
              "bar",
              "foo"
            ],
            "target_service_accounts": [],
            "target_tags": [],
            "timeouts": null
          },
          "sensitive_attributes": [],
          "private": "eyJlMmJmYjczMC1lY2FhLTExZTYtOGY4OC0zNDM2M2JjN2M0YzAiOnsiY3JlYXRlIjoxMjAwMDAwMDAwMDAwLCJkZWxldGUiOjEyMDAwMDAwMDAwMDAsInVwZGF0ZSI6MTIwMDAwMDAwMDAwMH0sInNjaGVtYV92ZXJzaW9uIjoiMSJ9",
          "dependencies": [
            "module.default.google_compute_network.default"
          ]
        }
      ]
    },
    {
      "module": "module.default",
      "mode": "managed",
      "type": "google_compute_instance",
      "name": "default",
      "provider": "module.default.provider[\"registry.terraform.io/hashicorp/google\"]",
      "instances": [
        {
          "schema_version": 6,
          "attributes": {
            "advanced_machine_features": [],
            "allow_stopping_for_update": true,
            "attached_disk": [],
            "boot_disk": [
              {
                "auto_delete": true,
                "device_name": "persistent-disk-0",
                "disk_encryption_key_raw": "",
                "disk_encryption_key_sha256": "",
                "initialize_params": [
                  {
                    "image": "https://www.googleapis.com/compute/v1/projects/debian-cloud/global/images/debian-9-stretch-v20220519",
                    "labels": {},
                    "size": 10,
                    "type": "pd-standard"
                  }
                ],
                "kms_key_self_link": "",
                "mode": "READ_WRITE",
                "source": "https://www.googleapis.com/compute/v1/projects/focal-balm-350606/zones/us-central1-a/disks/test1"
              }
            ],
            "can_ip_forward": false,
            "confidential_instance_config": [],
            "cpu_platform": "Intel Haswell",
            "current_status": "RUNNING",
            "deletion_protection": false,
            "description": "",
            "desired_status": null,
            "enable_display": false,
            "guest_accelerator": [],
            "hostname": "",
            "id": "projects/focal-balm-350606/zones/us-central1-a/instances/test1",
            "instance_id": "188815986784210590",
            "label_fingerprint": "42WmSpB8rSM=",
            "labels": null,
            "machine_type": "n1-standard-1",
            "metadata": {
              "foo": "bar"
            },
            "metadata_fingerprint": "XGCGBzFs_7U=",
            "metadata_startup_script": "echo hi \u003e /test.txt",
            "min_cpu_platform": "",
            "name": "test1",
            "network_interface": [
              {
                "access_config": [
                  {
                    "nat_ip": "35.239.255.155",
                    "network_tier": "PREMIUM",
                    "public_ptr_domain_name": ""
                  }
                ],
                "alias_ip_range": [],
                "ipv6_access_config": [],
                "ipv6_access_type": "",
                "name": "nic0",
                "network": "https://www.googleapis.com/compute/v1/projects/focal-balm-350606/global/networks/network2",
                "network_ip": "10.128.0.2",
                "nic_type": "",
                "queue_count": 0,
                "stack_type": "IPV4_ONLY",
                "subnetwork": "https://www.googleapis.com/compute/v1/projects/focal-balm-350606/regions/us-central1/subnetworks/network2",
                "subnetwork_project": "focal-balm-350606"
              }
            ],
            "project": "focal-balm-350606",
            "reservation_affinity": [],
            "resource_policies": null,
            "scheduling": [
              {
                "automatic_restart": true,
                "min_node_cpus": 0,
                "node_affinities": [],
                "on_host_maintenance": "MIGRATE",
                "preemptible": false,
                "provisioning_model": "STANDARD"
              }
            ],
            "scratch_disk": [
              {
                "interface": "SCSI"
              }
            ],
            "self_link": "https://www.googleapis.com/compute/v1/projects/focal-balm-350606/zones/us-central1-a/instances/test1",
            "service_account": [
              {
                "email": "service-account@focal-balm-350606.iam.gserviceaccount.com",
                "scopes": [
                  "https://www.googleapis.com/auth/cloud-platform"
                ]
              }
            ],
            "shielded_instance_config": [],
            "tags": [
              "bar",
              "foo"
            ],
            "tags_fingerprint": "1gqCRgrww4E=",
            "timeouts": null,
            "zone": "us-central1-a"
          },
          "sensitive_attributes": [],
          "private": "eyJlMmJmYjczMC1lY2FhLTExZTYtOGY4OC0zNDM2M2JjN2M0YzAiOnsiY3JlYXRlIjoxMjAwMDAwMDAwMDAwLCJkZWxldGUiOjEyMDAwMDAwMDAwMDAsInVwZGF0ZSI6MTIwMDAwMDAwMDAwMH0sInNjaGVtYV92ZXJzaW9uIjoiNiJ9",
          "dependencies": [
            "module.default.google_service_account.default"
          ]
        }
      ]
    },
    {
      "module": "module.default",
      "mode": "managed",
      "type": "google_compute_network",
      "name": "default",
      "provider": "module.default.provider[\"registry.terraform.io/hashicorp/google\"]",
      "instances": [
        {
          "schema_version": 0,
          "attributes": {
            "auto_create_subnetworks": true,
            "delete_default_routes_on_create": false,
            "description": "",
            "gateway_ipv4": "",
            "id": "projects/focal-balm-350606/global/networks/network2",
            "mtu": 0,
            "name": "network2",
            "project": "focal-balm-350606",
            "routing_mode": "REGIONAL",
            "self_link": "https://www.googleapis.com/compute/v1/projects/focal-balm-350606/global/networks/network2",
            "timeouts": null
          },
          "sensitive_attributes": [],
          "private": "eyJlMmJmYjczMC1lY2FhLTExZTYtOGY4OC0zNDM2M2JjN2M0YzAiOnsiY3JlYXRlIjoxMjAwMDAwMDAwMDAwLCJkZWxldGUiOjEyMDAwMDAwMDAwMDAsInVwZGF0ZSI6MTIwMDAwMDAwMDAwMH19"
        }
      ]
    },
    {
      "module": "module.default",
      "mode": "managed",
      "type": "google_service_account",
      "name": "default",
      "provider": "module.default.provider[\"registry.terraform.io/hashicorp/google\"]",
      "instances": [
        {
          "schema_version": 0,
          "attributes": {
            "account_id": "service-account",
            "description": "",
            "disabled": false,
            "display_name": "Service-Account",
            "email": "service-account@focal-balm-350606.iam.gserviceaccount.com",
            "id": "projects/focal-balm-350606/serviceAccounts/service-account@focal-balm-350606.iam.gserviceaccount.com",
            "name": "projects/focal-balm-350606/serviceAccounts/service-account@focal-balm-350606.iam.gserviceaccount.com",
            "project": "focal-balm-350606",
            "timeouts": null,
            "unique_id": "102922738957759112999"
          },
          "sensitive_attributes": [],
          "private": "eyJlMmJmYjczMC1lY2FhLTExZTYtOGY4OC0zNDM2M2JjN2M0YzAiOnsiY3JlYXRlIjozMDAwMDAwMDAwMDB9fQ=="
        }
      ]
    }
  ]
}
