{
  "version": 4,
  "terraform_version": "1.1.9",
  "serial": 3,
  "lineage": "61e05d17-cf70-b6fc-7c5d-87139d0fb327",
  "outputs": {
    "id": {
      "value": "projects/focal-balm-350606/instances/my-database-instance/databases/my-database",
      "type": "string"
    },
    "self_link": {
      "value": "https://sqladmin.googleapis.com/sql/v1beta4/projects/focal-balm-350606/instances/my-database-instance/databases/my-database",
      "type": "string"
    }
  },
  "resources": [
    {
      "module": "module.database",
      "mode": "managed",
      "type": "google_sql_database",
      "name": "database",
      "provider": "module.database.provider[\"registry.terraform.io/hashicorp/google\"]",
      "instances": [
        {
          "schema_version": 0,
          "attributes": {
            "charset": "UTF8",
            "collation": "en_US.UTF8",
            "id": "projects/focal-balm-350606/instances/my-database-instance/databases/my-database",
            "instance": "my-database-instance",
            "name": "my-database",
            "project": "focal-balm-350606",
            "self_link": "https://sqladmin.googleapis.com/sql/v1beta4/projects/focal-balm-350606/instances/my-database-instance/databases/my-database",
            "timeouts": null
          },
          "sensitive_attributes": [],
          "private": "eyJlMmJmYjczMC1lY2FhLTExZTYtOGY4OC0zNDM2M2JjN2M0YzAiOnsiY3JlYXRlIjoxMjAwMDAwMDAwMDAwLCJkZWxldGUiOjEyMDAwMDAwMDAwMDAsInVwZGF0ZSI6MTIwMDAwMDAwMDAwMH19",
          "dependencies": [
            "module.database.google_sql_database_instance.instance"
          ]
        }
      ]
    },
    {
      "module": "module.database",
      "mode": "managed",
      "type": "google_sql_database_instance",
      "name": "instance",
      "provider": "module.database.provider[\"registry.terraform.io/hashicorp/google\"]",
      "instances": [
        {
          "schema_version": 0,
          "attributes": {
            "clone": [],
            "connection_name": "focal-balm-350606:us-central1:my-database-instance",
            "database_version": "POSTGRES_9_6",
            "deletion_protection": true,
            "first_ip_address": "35.223.135.152",
            "id": "my-database-instance",
            "ip_address": [
              {
                "ip_address": "35.223.135.152",
                "time_to_retire": "",
                "type": "PRIMARY"
              },
              {
                "ip_address": "35.192.67.28",
                "time_to_retire": "",
                "type": "OUTGOING"
              }
            ],
            "master_instance_name": "",
            "name": "my-database-instance",
            "private_ip_address": "",
            "project": "focal-balm-350606",
            "public_ip_address": "35.223.135.152",
            "region": "us-central1",
            "replica_configuration": [],
            "restore_backup_context": [],
            "root_password": null,
            "self_link": "https://sqladmin.googleapis.com/sql/v1beta4/projects/focal-balm-350606/instances/my-database-instance",
            "server_ca_cert": [
              {
                "cert": "-----BEGIN CERTIFICATE-----\nMIIDfzCCAmegAwIBAgIBADANBgkqhkiG9w0BAQsFADB3MS0wKwYDVQQuEyQ5NzM4\nOWQxYi03NDEyLTQ0NmItOTBhYy05ZjYwN2ZkODRlNGUxIzAhBgNVBAMTGkdvb2ds\nZSBDbG91ZCBTUUwgU2VydmVyIENBMRQwEgYDVQQKEwtHb29nbGUsIEluYzELMAkG\nA1UEBhMCVVMwHhcNMjIwNjA3MTEwODU2WhcNMzIwNjA0MTEwOTU2WjB3MS0wKwYD\nVQQuEyQ5NzM4OWQxYi03NDEyLTQ0NmItOTBhYy05ZjYwN2ZkODRlNGUxIzAhBgNV\nBAMTGkdvb2dsZSBDbG91ZCBTUUwgU2VydmVyIENBMRQwEgYDVQQKEwtHb29nbGUs\nIEluYzELMAkGA1UEBhMCVVMwggEiMA0GCSqGSIb3DQEBAQUAA4IBDwAwggEKAoIB\nAQCGa9qg+1YmoT61hMRLCel4W2y3kCCkedkcYCibiftdFbfGzyMrNEcXaEUED24i\nkrm2wp3FdTEhA0xJY2EoAjA5dU2WtHvdtCWrsMXbGMsqC5cxpQKwihcZCY+KlAvD\nfSaSxjS1kyYe0xS1IAs7Z8RXADgwPAXsxXUKB2Wl+BhTN9uOcVc2dEdZ073MBHWP\nk2heX7UBnV72LtFu2axRQxAa/6vIiaqdvDZ/QQTw1TuVzru+mpucnTmLDC03APUW\nMMIPXMWK+M/vXUh6BhyRGzk4sHUlZ2kUzEtAjUaWAF0UrmOpvVoAFyw5lTyOuh9Y\nf7ILfbCs3Rwc6iRFUAddHTIJAgMBAAGjFjAUMBIGA1UdEwEB/wQIMAYBAf8CAQAw\nDQYJKoZIhvcNAQELBQADggEBABlIlcUTF49cuUxTpI+pQOxa4JSAMUZ7eQrOWjEz\nqhciysntaE96NQhXCr2rGDlxmOYAS69TlVpzlgKXykdLTc+c0bxs2t/hGJ9OwrLW\nTaW3pnjqXV6ABp83qV23ln3puMAH4Mm69pAw79s4NF5pQe1seAuK4eagRfkQef1a\nCM91b/pD0BofVxbUvFGOKJ/xVKkLriLyZ4SJ4n37cgo//PzZARoWK7c777x2NtK6\ni2Bn3lV4RPFgi/AUzwkhGqY7U6F1X0ljDuA9s61lr+uXqxPeYbBjw8o1Pwu6mJpd\nXYCLXyo5+Y0vgc34goREoNkrU+kB5q9qI40Mp8/FJEINRjg=\n-----END CERTIFICATE-----",
                "common_name": "C=US,O=Google\\, Inc,CN=Google Cloud SQL Server CA,dnQualifier=97389d1b-7412-446b-90ac-9f607fd84e4e",
                "create_time": "2022-06-07T11:08:56.638Z",
                "expiration_time": "2032-06-04T11:09:56.638Z",
                "sha1_fingerprint": "ed331a6716cf75a4bbc65373bb9249716c915d79"
              }
            ],
            "service_account_email_address": "p747866745159-l58cl1@gcp-sa-cloud-sql.iam.gserviceaccount.com",
            "settings": [
              {
                "activation_policy": "ALWAYS",
                "active_directory_config": [],
                "availability_type": "ZONAL",
                "backup_configuration": [
                  {
                    "backup_retention_settings": [
                      {
                        "retained_backups": 7,
                        "retention_unit": "COUNT"
                      }
                    ],
                    "binary_log_enabled": false,
                    "enabled": false,
                    "location": "",
                    "point_in_time_recovery_enabled": false,
                    "start_time": "17:00",
                    "transaction_log_retention_days": 7
                  }
                ],
                "collation": "",
                "database_flags": [],
                "disk_autoresize": true,
                "disk_autoresize_limit": 0,
                "disk_size": 10,
                "disk_type": "PD_SSD",
                "insights_config": [],
                "ip_configuration": [
                  {
                    "allocated_ip_range": "",
                    "authorized_networks": [],
                    "ipv4_enabled": true,
                    "private_network": "",
                    "require_ssl": false
                  }
                ],
                "location_preference": [
                  {
                    "follow_gae_application": "",
                    "zone": "us-central1-a"
                  }
                ],
                "maintenance_window": [],
                "pricing_plan": "PER_USE",
                "tier": "db-f1-micro",
                "user_labels": {},
                "version": 1
              }
            ],
            "timeouts": null
          },
          "sensitive_attributes": [],
          "private": "eyJlMmJmYjczMC1lY2FhLTExZTYtOGY4OC0zNDM2M2JjN2M0YzAiOnsiY3JlYXRlIjoxODAwMDAwMDAwMDAwLCJkZWxldGUiOjE4MDAwMDAwMDAwMDAsInVwZGF0ZSI6MTgwMDAwMDAwMDAwMH19"
        }
      ]
    }
  ]
}
