{
  "version": 4,
  "terraform_version": "1.2.2",
  "serial": 34,
  "lineage": "4a1db888-aaef-b019-5c25-0d244021a1df",
  "outputs": {
    "id": {
      "value": "projects/focal-balm-350606/global/firewalls/testm-ingressfirewall",
      "type": "string"
    }
  },
  "resources": [
    {
      "module": "module.default",
      "mode": "managed",
      "type": "google_compute_firewall",
      "name": "default",
      "provider": "module.default.provider[\"registry.terraform.io/hashicorp/google\"]",
      "instances": [
        {
          "schema_version": 1,
          "attributes": {
            "allow": [
              {
                "ports": [
                  "22"
                ],
                "protocol": "tcp"
              }
            ],
            "creation_timestamp": "2022-06-17T05:20:59.765-07:00",
            "deny": [],
            "description": "",
            "destination_ranges": [],
            "direction": "INGRESS",
            "disabled": false,
            "enable_logging": null,
            "id": "projects/focal-balm-350606/global/firewalls/testm-ingressfirewall",
            "log_config": [],
            "name": "testm-ingressfirewall",
            "network": "https://www.googleapis.com/compute/v1/projects/focal-balm-350606/global/networks/testm-network",
            "priority": 1000,
            "project": "focal-balm-350606",
            "self_link": "https://www.googleapis.com/compute/v1/projects/focal-balm-350606/global/firewalls/testm-ingressfirewall",
            "source_ranges": null,
            "source_service_accounts": null,
            "source_tags": [
              "bar",
              "foo"
            ],
            "target_service_accounts": null,
            "target_tags": null,
            "timeouts": null
          },
          "sensitive_attributes": [],
          "private": "eyJlMmJmYjczMC1lY2FhLTExZTYtOGY4OC0zNDM2M2JjN2M0YzAiOnsiY3JlYXRlIjoxMjAwMDAwMDAwMDAwLCJkZWxldGUiOjEyMDAwMDAwMDAwMDAsInVwZGF0ZSI6MTIwMDAwMDAwMDAwMH0sInNjaGVtYV92ZXJzaW9uIjoiMSJ9",
          "dependencies": [
            "module.default.google_compute_network.default"
          ]
        }
      ]
    },
    {
      "module": "module.default",
      "mode": "managed",
      "type": "google_compute_network",
      "name": "default",
      "provider": "module.default.provider[\"registry.terraform.io/hashicorp/google\"]",
      "instances": [
        {
          "schema_version": 0,
          "attributes": {
            "auto_create_subnetworks": false,
            "delete_default_routes_on_create": false,
            "description": "",
            "enable_ula_internal_ipv6": false,
            "gateway_ipv4": "",
            "id": "projects/focal-balm-350606/global/networks/testm-network",
            "internal_ipv6_range": "",
            "mtu": 0,
            "name": "testm-network",
            "project": "focal-balm-350606",
            "routing_mode": "REGIONAL",
            "self_link": "https://www.googleapis.com/compute/v1/projects/focal-balm-350606/global/networks/testm-network",
            "timeouts": null
          },
          "sensitive_attributes": [],
          "private": "eyJlMmJmYjczMC1lY2FhLTExZTYtOGY4OC0zNDM2M2JjN2M0YzAiOnsiY3JlYXRlIjoxMjAwMDAwMDAwMDAwLCJkZWxldGUiOjEyMDAwMDAwMDAwMDAsInVwZGF0ZSI6MTIwMDAwMDAwMDAwMH19"
        }
      ]
    },
    {
      "module": "module.default",
      "mode": "managed",
      "type": "google_service_account",
      "name": "default",
      "provider": "module.default.provider[\"registry.terraform.io/hashicorp/google\"]",
      "instances": [
        {
          "schema_version": 0,
          "attributes": {
            "account_id": "service-account-id",
            "description": "",
            "disabled": false,
            "display_name": "Service-Account",
            "email": "service-account-id@focal-balm-350606.iam.gserviceaccount.com",
            "id": "projects/focal-balm-350606/serviceAccounts/service-account-id@focal-balm-350606.iam.gserviceaccount.com",
            "name": "projects/focal-balm-350606/serviceAccounts/service-account-id@focal-balm-350606.iam.gserviceaccount.com",
            "project": "focal-balm-350606",
            "timeouts": null,
            "unique_id": "114142058823063063756"
          },
          "sensitive_attributes": [],
          "private": "eyJlMmJmYjczMC1lY2FhLTExZTYtOGY4OC0zNDM2M2JjN2M0YzAiOnsiY3JlYXRlIjozMDAwMDAwMDAwMDB9fQ=="
        }
      ]
    }
  ]
}
