{
  "version": 4,
  "terraform_version": "1.2.3",
  "serial": 16,
  "lineage": "9fb22b57-58e4-234a-f437-a228f2a09788",
  "outputs": {
    "id": {
      "value": [
        [
          {
            "test1": {
              "advanced_machine_features": [],
              "allow_stopping_for_update": null,
              "attached_disk": [],
              "boot_disk": [
                {
                  "auto_delete": true,
                  "device_name": "persistent-disk-0",
                  "disk_encryption_key_raw": "",
                  "disk_encryption_key_sha256": "",
                  "initialize_params": [
                    {
                      "image": "https://www.googleapis.com/compute/v1/projects/debian-cloud/global/images/debian-10-buster-v20220621",
                      "labels": {},
                      "size": 10,
                      "type": "pd-standard"
                    }
                  ],
                  "kms_key_self_link": "",
                  "mode": "READ_WRITE",
                  "source": "https://www.googleapis.com/compute/v1/projects/focal-balm-350606/zones/us-central1-a/disks/test1"
                }
              ],
              "can_ip_forward": false,
              "confidential_instance_config": [],
              "cpu_platform": "Intel Haswell",
              "current_status": "RUNNING",
              "deletion_protection": false,
              "description": "",
              "desired_status": null,
              "enable_display": false,
              "guest_accelerator": [],
              "hostname": "",
              "id": "projects/focal-balm-350606/zones/us-central1-a/instances/test1",
              "instance_id": "8979538113732068690",
              "label_fingerprint": "42WmSpB8rSM=",
              "labels": null,
              "machine_type": "n1-standard-1",
              "metadata": {
                "foo": "fisclouds"
              },
              "metadata_fingerprint": "doQBUc-Mnfo=",
              "metadata_startup_script": "echo hi \u003e /test.txt",
              "min_cpu_platform": "",
              "name": "test1",
              "network_interface": [
                {
                  "access_config": [
                    {
                      "nat_ip": "35.222.159.48",
                      "network_tier": "PREMIUM",
                      "public_ptr_domain_name": ""
                    }
                  ],
                  "alias_ip_range": [],
                  "ipv6_access_config": [],
                  "ipv6_access_type": "",
                  "name": "nic0",
                  "network": "https://www.googleapis.com/compute/v1/projects/focal-balm-350606/global/networks/default",
                  "network_ip": "10.128.0.22",
                  "nic_type": "",
                  "queue_count": 0,
                  "stack_type": "IPV4_ONLY",
                  "subnetwork": "https://www.googleapis.com/compute/v1/projects/focal-balm-350606/regions/us-central1/subnetworks/default",
                  "subnetwork_project": "focal-balm-350606"
                }
              ],
              "project": "focal-balm-350606",
              "reservation_affinity": [],
              "resource_policies": null,
              "scheduling": [
                {
                  "automatic_restart": true,
                  "min_node_cpus": 0,
                  "node_affinities": [],
                  "on_host_maintenance": "MIGRATE",
                  "preemptible": false,
                  "provisioning_model": "STANDARD"
                }
              ],
              "scratch_disk": [
                {
                  "interface": "SCSI"
                }
              ],
              "self_link": "https://www.googleapis.com/compute/v1/projects/focal-balm-350606/zones/us-central1-a/instances/test1",
              "service_account": [],
              "shielded_instance_config": [
                {
                  "enable_integrity_monitoring": true,
                  "enable_secure_boot": false,
                  "enable_vtpm": true
                }
              ],
              "tags": [
                "fisclouds",
                "foo"
              ],
              "tags_fingerprint": "udmvr1f3PzM=",
              "timeouts": null,
              "zone": "us-central1-a"
            },
            "test2": {
              "advanced_machine_features": [],
              "allow_stopping_for_update": null,
              "attached_disk": [],
              "boot_disk": [
                {
                  "auto_delete": true,
                  "device_name": "persistent-disk-0",
                  "disk_encryption_key_raw": "",
                  "disk_encryption_key_sha256": "",
                  "initialize_params": [
                    {
                      "image": "https://www.googleapis.com/compute/v1/projects/ubuntu-os-cloud/global/images/ubuntu-1804-bionic-v20220616",
                      "labels": {},
                      "size": 10,
                      "type": "pd-standard"
                    }
                  ],
                  "kms_key_self_link": "",
                  "mode": "READ_WRITE",
                  "source": "https://www.googleapis.com/compute/v1/projects/focal-balm-350606/zones/us-west4-b/disks/test2"
                }
              ],
              "can_ip_forward": false,
              "confidential_instance_config": [],
              "cpu_platform": "Intel Skylake",
              "current_status": "RUNNING",
              "deletion_protection": false,
              "description": "",
              "desired_status": null,
              "enable_display": false,
              "guest_accelerator": [],
              "hostname": "",
              "id": "projects/focal-balm-350606/zones/us-west4-b/instances/test2",
              "instance_id": "5350950885085463888",
              "label_fingerprint": "42WmSpB8rSM=",
              "labels": null,
              "machine_type": "n1-standard-1",
              "metadata": {
                "foo": "fisclouds"
              },
              "metadata_fingerprint": "doQBUc-Mnfo=",
              "metadata_startup_script": "echo hi \u003e /test.txt",
              "min_cpu_platform": "",
              "name": "test2",
              "network_interface": [
                {
                  "access_config": [
                    {
                      "nat_ip": "34.125.213.125",
                      "network_tier": "PREMIUM",
                      "public_ptr_domain_name": ""
                    }
                  ],
                  "alias_ip_range": [],
                  "ipv6_access_config": [],
                  "ipv6_access_type": "",
                  "name": "nic0",
                  "network": "https://www.googleapis.com/compute/v1/projects/focal-balm-350606/global/networks/default",
                  "network_ip": "10.182.0.18",
                  "nic_type": "",
                  "queue_count": 0,
                  "stack_type": "IPV4_ONLY",
                  "subnetwork": "https://www.googleapis.com/compute/v1/projects/focal-balm-350606/regions/us-west4/subnetworks/default",
                  "subnetwork_project": "focal-balm-350606"
                }
              ],
              "project": "focal-balm-350606",
              "reservation_affinity": [],
              "resource_policies": null,
              "scheduling": [
                {
                  "automatic_restart": true,
                  "min_node_cpus": 0,
                  "node_affinities": [],
                  "on_host_maintenance": "MIGRATE",
                  "preemptible": false,
                  "provisioning_model": "STANDARD"
                }
              ],
              "scratch_disk": [
                {
                  "interface": "SCSI"
                }
              ],
              "self_link": "https://www.googleapis.com/compute/v1/projects/focal-balm-350606/zones/us-west4-b/instances/test2",
              "service_account": [],
              "shielded_instance_config": [
                {
                  "enable_integrity_monitoring": true,
                  "enable_secure_boot": false,
                  "enable_vtpm": true
                }
              ],
              "tags": [
                "fisclouds",
                "foo"
              ],
              "tags_fingerprint": "udmvr1f3PzM=",
              "timeouts": null,
              "zone": "us-west4-b"
            }
          }
        ]
      ],
      "type": [
        "tuple",
        [
          [
            "tuple",
            [
              [
                "object",
                {
                  "test1": [
                    "object",
                    {
                      "advanced_machine_features": [
                        "list",
                        [
                          "object",
                          {
                            "enable_nested_virtualization": "bool",
                            "threads_per_core": "number"
                          }
                        ]
                      ],
                      "allow_stopping_for_update": "bool",
                      "attached_disk": [
                        "list",
                        [
                          "object",
                          {
                            "device_name": "string",
                            "disk_encryption_key_raw": "string",
                            "disk_encryption_key_sha256": "string",
                            "kms_key_self_link": "string",
                            "mode": "string",
                            "source": "string"
                          }
                        ]
                      ],
                      "boot_disk": [
                        "list",
                        [
                          "object",
                          {
                            "auto_delete": "bool",
                            "device_name": "string",
                            "disk_encryption_key_raw": "string",
                            "disk_encryption_key_sha256": "string",
                            "initialize_params": [
                              "list",
                              [
                                "object",
                                {
                                  "image": "string",
                                  "labels": [
                                    "map",
                                    "string"
                                  ],
                                  "size": "number",
                                  "type": "string"
                                }
                              ]
                            ],
                            "kms_key_self_link": "string",
                            "mode": "string",
                            "source": "string"
                          }
                        ]
                      ],
                      "can_ip_forward": "bool",
                      "confidential_instance_config": [
                        "list",
                        [
                          "object",
                          {
                            "enable_confidential_compute": "bool"
                          }
                        ]
                      ],
                      "cpu_platform": "string",
                      "current_status": "string",
                      "deletion_protection": "bool",
                      "description": "string",
                      "desired_status": "string",
                      "enable_display": "bool",
                      "guest_accelerator": [
                        "list",
                        [
                          "object",
                          {
                            "count": "number",
                            "type": "string"
                          }
                        ]
                      ],
                      "hostname": "string",
                      "id": "string",
                      "instance_id": "string",
                      "label_fingerprint": "string",
                      "labels": [
                        "map",
                        "string"
                      ],
                      "machine_type": "string",
                      "metadata": [
                        "map",
                        "string"
                      ],
                      "metadata_fingerprint": "string",
                      "metadata_startup_script": "string",
                      "min_cpu_platform": "string",
                      "name": "string",
                      "network_interface": [
                        "list",
                        [
                          "object",
                          {
                            "access_config": [
                              "list",
                              [
                                "object",
                                {
                                  "nat_ip": "string",
                                  "network_tier": "string",
                                  "public_ptr_domain_name": "string"
                                }
                              ]
                            ],
                            "alias_ip_range": [
                              "list",
                              [
                                "object",
                                {
                                  "ip_cidr_range": "string",
                                  "subnetwork_range_name": "string"
                                }
                              ]
                            ],
                            "ipv6_access_config": [
                              "list",
                              [
                                "object",
                                {
                                  "external_ipv6": "string",
                                  "external_ipv6_prefix_length": "string",
                                  "network_tier": "string",
                                  "public_ptr_domain_name": "string"
                                }
                              ]
                            ],
                            "ipv6_access_type": "string",
                            "name": "string",
                            "network": "string",
                            "network_ip": "string",
                            "nic_type": "string",
                            "queue_count": "number",
                            "stack_type": "string",
                            "subnetwork": "string",
                            "subnetwork_project": "string"
                          }
                        ]
                      ],
                      "project": "string",
                      "reservation_affinity": [
                        "list",
                        [
                          "object",
                          {
                            "specific_reservation": [
                              "list",
                              [
                                "object",
                                {
                                  "key": "string",
                                  "values": [
                                    "list",
                                    "string"
                                  ]
                                }
                              ]
                            ],
                            "type": "string"
                          }
                        ]
                      ],
                      "resource_policies": [
                        "list",
                        "string"
                      ],
                      "scheduling": [
                        "list",
                        [
                          "object",
                          {
                            "automatic_restart": "bool",
                            "min_node_cpus": "number",
                            "node_affinities": [
                              "set",
                              [
                                "object",
                                {
                                  "key": "string",
                                  "operator": "string",
                                  "values": [
                                    "set",
                                    "string"
                                  ]
                                }
                              ]
                            ],
                            "on_host_maintenance": "string",
                            "preemptible": "bool",
                            "provisioning_model": "string"
                          }
                        ]
                      ],
                      "scratch_disk": [
                        "list",
                        [
                          "object",
                          {
                            "interface": "string"
                          }
                        ]
                      ],
                      "self_link": "string",
                      "service_account": [
                        "list",
                        [
                          "object",
                          {
                            "email": "string",
                            "scopes": [
                              "set",
                              "string"
                            ]
                          }
                        ]
                      ],
                      "shielded_instance_config": [
                        "list",
                        [
                          "object",
                          {
                            "enable_integrity_monitoring": "bool",
                            "enable_secure_boot": "bool",
                            "enable_vtpm": "bool"
                          }
                        ]
                      ],
                      "tags": [
                        "set",
                        "string"
                      ],
                      "tags_fingerprint": "string",
                      "timeouts": [
                        "object",
                        {
                          "create": "string",
                          "delete": "string",
                          "update": "string"
                        }
                      ],
                      "zone": "string"
                    }
                  ],
                  "test2": [
                    "object",
                    {
                      "advanced_machine_features": [
                        "list",
                        [
                          "object",
                          {
                            "enable_nested_virtualization": "bool",
                            "threads_per_core": "number"
                          }
                        ]
                      ],
                      "allow_stopping_for_update": "bool",
                      "attached_disk": [
                        "list",
                        [
                          "object",
                          {
                            "device_name": "string",
                            "disk_encryption_key_raw": "string",
                            "disk_encryption_key_sha256": "string",
                            "kms_key_self_link": "string",
                            "mode": "string",
                            "source": "string"
                          }
                        ]
                      ],
                      "boot_disk": [
                        "list",
                        [
                          "object",
                          {
                            "auto_delete": "bool",
                            "device_name": "string",
                            "disk_encryption_key_raw": "string",
                            "disk_encryption_key_sha256": "string",
                            "initialize_params": [
                              "list",
                              [
                                "object",
                                {
                                  "image": "string",
                                  "labels": [
                                    "map",
                                    "string"
                                  ],
                                  "size": "number",
                                  "type": "string"
                                }
                              ]
                            ],
                            "kms_key_self_link": "string",
                            "mode": "string",
                            "source": "string"
                          }
                        ]
                      ],
                      "can_ip_forward": "bool",
                      "confidential_instance_config": [
                        "list",
                        [
                          "object",
                          {
                            "enable_confidential_compute": "bool"
                          }
                        ]
                      ],
                      "cpu_platform": "string",
                      "current_status": "string",
                      "deletion_protection": "bool",
                      "description": "string",
                      "desired_status": "string",
                      "enable_display": "bool",
                      "guest_accelerator": [
                        "list",
                        [
                          "object",
                          {
                            "count": "number",
                            "type": "string"
                          }
                        ]
                      ],
                      "hostname": "string",
                      "id": "string",
                      "instance_id": "string",
                      "label_fingerprint": "string",
                      "labels": [
                        "map",
                        "string"
                      ],
                      "machine_type": "string",
                      "metadata": [
                        "map",
                        "string"
                      ],
                      "metadata_fingerprint": "string",
                      "metadata_startup_script": "string",
                      "min_cpu_platform": "string",
                      "name": "string",
                      "network_interface": [
                        "list",
                        [
                          "object",
                          {
                            "access_config": [
                              "list",
                              [
                                "object",
                                {
                                  "nat_ip": "string",
                                  "network_tier": "string",
                                  "public_ptr_domain_name": "string"
                                }
                              ]
                            ],
                            "alias_ip_range": [
                              "list",
                              [
                                "object",
                                {
                                  "ip_cidr_range": "string",
                                  "subnetwork_range_name": "string"
                                }
                              ]
                            ],
                            "ipv6_access_config": [
                              "list",
                              [
                                "object",
                                {
                                  "external_ipv6": "string",
                                  "external_ipv6_prefix_length": "string",
                                  "network_tier": "string",
                                  "public_ptr_domain_name": "string"
                                }
                              ]
                            ],
                            "ipv6_access_type": "string",
                            "name": "string",
                            "network": "string",
                            "network_ip": "string",
                            "nic_type": "string",
                            "queue_count": "number",
                            "stack_type": "string",
                            "subnetwork": "string",
                            "subnetwork_project": "string"
                          }
                        ]
                      ],
                      "project": "string",
                      "reservation_affinity": [
                        "list",
                        [
                          "object",
                          {
                            "specific_reservation": [
                              "list",
                              [
                                "object",
                                {
                                  "key": "string",
                                  "values": [
                                    "list",
                                    "string"
                                  ]
                                }
                              ]
                            ],
                            "type": "string"
                          }
                        ]
                      ],
                      "resource_policies": [
                        "list",
                        "string"
                      ],
                      "scheduling": [
                        "list",
                        [
                          "object",
                          {
                            "automatic_restart": "bool",
                            "min_node_cpus": "number",
                            "node_affinities": [
                              "set",
                              [
                                "object",
                                {
                                  "key": "string",
                                  "operator": "string",
                                  "values": [
                                    "set",
                                    "string"
                                  ]
                                }
                              ]
                            ],
                            "on_host_maintenance": "string",
                            "preemptible": "bool",
                            "provisioning_model": "string"
                          }
                        ]
                      ],
                      "scratch_disk": [
                        "list",
                        [
                          "object",
                          {
                            "interface": "string"
                          }
                        ]
                      ],
                      "self_link": "string",
                      "service_account": [
                        "list",
                        [
                          "object",
                          {
                            "email": "string",
                            "scopes": [
                              "set",
                              "string"
                            ]
                          }
                        ]
                      ],
                      "shielded_instance_config": [
                        "list",
                        [
                          "object",
                          {
                            "enable_integrity_monitoring": "bool",
                            "enable_secure_boot": "bool",
                            "enable_vtpm": "bool"
                          }
                        ]
                      ],
                      "tags": [
                        "set",
                        "string"
                      ],
                      "tags_fingerprint": "string",
                      "timeouts": [
                        "object",
                        {
                          "create": "string",
                          "delete": "string",
                          "update": "string"
                        }
                      ],
                      "zone": "string"
                    }
                  ]
                }
              ]
            ]
          ]
        ]
      ],
      "sensitive": true
    }
  },
  "resources": [
    {
      "module": "module.default",
      "mode": "managed",
      "type": "google_compute_instance",
      "name": "default",
      "provider": "module.default.provider[\"registry.terraform.io/hashicorp/google\"]",
      "instances": [
        {
          "index_key": "test1",
          "schema_version": 6,
          "attributes": {
            "advanced_machine_features": [],
            "allow_stopping_for_update": null,
            "attached_disk": [],
            "boot_disk": [
              {
                "auto_delete": true,
                "device_name": "persistent-disk-0",
                "disk_encryption_key_raw": "",
                "disk_encryption_key_sha256": "",
                "initialize_params": [
                  {
                    "image": "https://www.googleapis.com/compute/v1/projects/debian-cloud/global/images/debian-10-buster-v20220621",
                    "labels": {},
                    "size": 10,
                    "type": "pd-standard"
                  }
                ],
                "kms_key_self_link": "",
                "mode": "READ_WRITE",
                "source": "https://www.googleapis.com/compute/v1/projects/focal-balm-350606/zones/us-central1-a/disks/test1"
              }
            ],
            "can_ip_forward": false,
            "confidential_instance_config": [],
            "cpu_platform": "Intel Haswell",
            "current_status": "RUNNING",
            "deletion_protection": false,
            "description": "",
            "desired_status": null,
            "enable_display": false,
            "guest_accelerator": [],
            "hostname": "",
            "id": "projects/focal-balm-350606/zones/us-central1-a/instances/test1",
            "instance_id": "8979538113732068690",
            "label_fingerprint": "42WmSpB8rSM=",
            "labels": null,
            "machine_type": "n1-standard-1",
            "metadata": {
              "foo": "fisclouds"
            },
            "metadata_fingerprint": "doQBUc-Mnfo=",
            "metadata_startup_script": "echo hi \u003e /test.txt",
            "min_cpu_platform": "",
            "name": "test1",
            "network_interface": [
              {
                "access_config": [
                  {
                    "nat_ip": "35.222.159.48",
                    "network_tier": "PREMIUM",
                    "public_ptr_domain_name": ""
                  }
                ],
                "alias_ip_range": [],
                "ipv6_access_config": [],
                "ipv6_access_type": "",
                "name": "nic0",
                "network": "https://www.googleapis.com/compute/v1/projects/focal-balm-350606/global/networks/default",
                "network_ip": "10.128.0.22",
                "nic_type": "",
                "queue_count": 0,
                "stack_type": "IPV4_ONLY",
                "subnetwork": "https://www.googleapis.com/compute/v1/projects/focal-balm-350606/regions/us-central1/subnetworks/default",
                "subnetwork_project": "focal-balm-350606"
              }
            ],
            "project": "focal-balm-350606",
            "reservation_affinity": [],
            "resource_policies": null,
            "scheduling": [
              {
                "automatic_restart": true,
                "min_node_cpus": 0,
                "node_affinities": [],
                "on_host_maintenance": "MIGRATE",
                "preemptible": false,
                "provisioning_model": "STANDARD"
              }
            ],
            "scratch_disk": [
              {
                "interface": "SCSI"
              }
            ],
            "self_link": "https://www.googleapis.com/compute/v1/projects/focal-balm-350606/zones/us-central1-a/instances/test1",
            "service_account": [],
            "shielded_instance_config": [
              {
                "enable_integrity_monitoring": true,
                "enable_secure_boot": false,
                "enable_vtpm": true
              }
            ],
            "tags": [
              "fisclouds",
              "foo"
            ],
            "tags_fingerprint": "udmvr1f3PzM=",
            "timeouts": null,
            "zone": "us-central1-a"
          },
          "sensitive_attributes": [],
          "private": "eyJlMmJmYjczMC1lY2FhLTExZTYtOGY4OC0zNDM2M2JjN2M0YzAiOnsiY3JlYXRlIjoxMjAwMDAwMDAwMDAwLCJkZWxldGUiOjEyMDAwMDAwMDAwMDAsInVwZGF0ZSI6MTIwMDAwMDAwMDAwMH0sInNjaGVtYV92ZXJzaW9uIjoiNiJ9"
        },
        {
          "index_key": "test2",
          "schema_version": 6,
          "attributes": {
            "advanced_machine_features": [],
            "allow_stopping_for_update": null,
            "attached_disk": [],
            "boot_disk": [
              {
                "auto_delete": true,
                "device_name": "persistent-disk-0",
                "disk_encryption_key_raw": "",
                "disk_encryption_key_sha256": "",
                "initialize_params": [
                  {
                    "image": "https://www.googleapis.com/compute/v1/projects/ubuntu-os-cloud/global/images/ubuntu-1804-bionic-v20220616",
                    "labels": {},
                    "size": 10,
                    "type": "pd-standard"
                  }
                ],
                "kms_key_self_link": "",
                "mode": "READ_WRITE",
                "source": "https://www.googleapis.com/compute/v1/projects/focal-balm-350606/zones/us-west4-b/disks/test2"
              }
            ],
            "can_ip_forward": false,
            "confidential_instance_config": [],
            "cpu_platform": "Intel Skylake",
            "current_status": "RUNNING",
            "deletion_protection": false,
            "description": "",
            "desired_status": null,
            "enable_display": false,
            "guest_accelerator": [],
            "hostname": "",
            "id": "projects/focal-balm-350606/zones/us-west4-b/instances/test2",
            "instance_id": "5350950885085463888",
            "label_fingerprint": "42WmSpB8rSM=",
            "labels": null,
            "machine_type": "n1-standard-1",
            "metadata": {
              "foo": "fisclouds"
            },
            "metadata_fingerprint": "doQBUc-Mnfo=",
            "metadata_startup_script": "echo hi \u003e /test.txt",
            "min_cpu_platform": "",
            "name": "test2",
            "network_interface": [
              {
                "access_config": [
                  {
                    "nat_ip": "34.125.213.125",
                    "network_tier": "PREMIUM",
                    "public_ptr_domain_name": ""
                  }
                ],
                "alias_ip_range": [],
                "ipv6_access_config": [],
                "ipv6_access_type": "",
                "name": "nic0",
                "network": "https://www.googleapis.com/compute/v1/projects/focal-balm-350606/global/networks/default",
                "network_ip": "10.182.0.18",
                "nic_type": "",
                "queue_count": 0,
                "stack_type": "IPV4_ONLY",
                "subnetwork": "https://www.googleapis.com/compute/v1/projects/focal-balm-350606/regions/us-west4/subnetworks/default",
                "subnetwork_project": "focal-balm-350606"
              }
            ],
            "project": "focal-balm-350606",
            "reservation_affinity": [],
            "resource_policies": null,
            "scheduling": [
              {
                "automatic_restart": true,
                "min_node_cpus": 0,
                "node_affinities": [],
                "on_host_maintenance": "MIGRATE",
                "preemptible": false,
                "provisioning_model": "STANDARD"
              }
            ],
            "scratch_disk": [
              {
                "interface": "SCSI"
              }
            ],
            "self_link": "https://www.googleapis.com/compute/v1/projects/focal-balm-350606/zones/us-west4-b/instances/test2",
            "service_account": [],
            "shielded_instance_config": [
              {
                "enable_integrity_monitoring": true,
                "enable_secure_boot": false,
                "enable_vtpm": true
              }
            ],
            "tags": [
              "fisclouds",
              "foo"
            ],
            "tags_fingerprint": "udmvr1f3PzM=",
            "timeouts": null,
            "zone": "us-west4-b"
          },
          "sensitive_attributes": [],
          "private": "eyJlMmJmYjczMC1lY2FhLTExZTYtOGY4OC0zNDM2M2JjN2M0YzAiOnsiY3JlYXRlIjoxMjAwMDAwMDAwMDAwLCJkZWxldGUiOjEyMDAwMDAwMDAwMDAsInVwZGF0ZSI6MTIwMDAwMDAwMDAwMH0sInNjaGVtYV92ZXJzaW9uIjoiNiJ9"
        }
      ]
    }
  ]
}
