{
  "version": 4,
  "terraform_version": "1.1.9",
  "serial": 17,
  "lineage": "c09a6096-0bf8-b2b2-1f15-453f0d6cfdf3",
  "outputs": {},
  "resources": [
    {
      "module": "module.instance",
      "mode": "managed",
      "type": "google_compute_global_address",
      "name": "private_ip_address",
      "provider": "module.instance.provider[\"registry.terraform.io/hashicorp/google-beta\"]",
      "instances": [
        {
          "schema_version": 0,
          "attributes": {
            "address": "10.26.0.0",
            "address_type": "INTERNAL",
            "creation_timestamp": "2022-06-07T02:22:32.306-07:00",
            "description": "",
            "id": "projects/focal-balm-350606/global/addresses/private-ip-address123",
            "ip_version": "",
            "label_fingerprint": "42WmSpB8rSM=",
            "labels": null,
            "name": "private-ip-address123",
            "network": "https://www.googleapis.com/compute/v1/projects/focal-balm-350606/global/networks/privatenetwork1",
            "prefix_length": 16,
            "project": "focal-balm-350606",
            "purpose": "VPC_PEERING",
            "self_link": "https://www.googleapis.com/compute/v1/projects/focal-balm-350606/global/addresses/private-ip-address123",
            "timeouts": null
          },
          "sensitive_attributes": [],
          "private": "eyJlMmJmYjczMC1lY2FhLTExZTYtOGY4OC0zNDM2M2JjN2M0YzAiOnsiY3JlYXRlIjoxMjAwMDAwMDAwMDAwLCJkZWxldGUiOjEyMDAwMDAwMDAwMDAsInVwZGF0ZSI6MTIwMDAwMDAwMDAwMH19",
          "dependencies": [
            "module.instance.google_compute_network.private_network"
          ]
        }
      ]
    },
    {
      "module": "module.instance",
      "mode": "managed",
      "type": "google_compute_network",
      "name": "private_network",
      "provider": "module.instance.provider[\"registry.terraform.io/hashicorp/google-beta\"]",
      "instances": [
        {
          "schema_version": 0,
          "attributes": {
            "auto_create_subnetworks": true,
            "delete_default_routes_on_create": false,
            "description": "",
            "gateway_ipv4": "",
            "id": "projects/focal-balm-350606/global/networks/privatenetwork1",
            "mtu": 0,
            "name": "privatenetwork1",
            "project": "focal-balm-350606",
            "routing_mode": "REGIONAL",
            "self_link": "https://www.googleapis.com/compute/v1/projects/focal-balm-350606/global/networks/privatenetwork1",
            "timeouts": null
          },
          "sensitive_attributes": [],
          "private": "eyJlMmJmYjczMC1lY2FhLTExZTYtOGY4OC0zNDM2M2JjN2M0YzAiOnsiY3JlYXRlIjoxMjAwMDAwMDAwMDAwLCJkZWxldGUiOjEyMDAwMDAwMDAwMDAsInVwZGF0ZSI6MTIwMDAwMDAwMDAwMH19"
        }
      ]
    },
    {
      "module": "module.instance",
      "mode": "managed",
      "type": "google_sql_database_instance",
      "name": "instance",
      "provider": "module.instance.provider[\"registry.terraform.io/hashicorp/google-beta\"]",
      "instances": []
    },
    {
      "module": "module.instance",
      "mode": "managed",
      "type": "random_id",
      "name": "db_name_suffix",
      "provider": "provider[\"registry.terraform.io/hashicorp/random\"]",
      "instances": [
        {
          "schema_version": 0,
          "attributes": {
            "b64_std": "FEpvuQ==",
            "b64_url": "FEpvuQ",
            "byte_length": 4,
            "dec": "340422585",
            "hex": "144a6fb9",
            "id": "FEpvuQ",
            "keepers": null,
            "prefix": null
          },
          "sensitive_attributes": [],
          "private": "bnVsbA=="
        }
      ]
    }
  ]
}
