{
  "version": 4,
  "terraform_version": "1.2.3",
  "serial": 8,
  "lineage": "8e53fb8c-23ca-b739-e647-57caa4fc43a5",
  "outputs": {
    "id": {
      "value": "projects/focal-balm-350606/datasets/example_dataset",
      "type": "string"
    }
  },
  "resources": [
    {
      "module": "module.dataset",
      "mode": "managed",
      "type": "google_bigquery_dataset",
      "name": "dataset",
      "provider": "module.dataset.provider[\"registry.terraform.io/hashicorp/google\"]",
      "instances": [
        {
          "schema_version": 0,
          "attributes": {
            "access": [
              {
                "dataset": [],
                "domain": "",
                "group_by_email": "",
                "role": "OWNER",
                "special_group": "",
                "user_by_email": "",
                "view": []
              },
              {
                "dataset": [],
                "domain": "hashicorp.com",
                "group_by_email": "",
                "role": "READER",
                "special_group": "",
                "user_by_email": "",
                "view": []
              }
            ],
            "creation_time": 1656411991319,
            "dataset_id": "example_dataset",
            "default_encryption_configuration": [],
            "default_partition_expiration_ms": 0,
            "default_table_expiration_ms": 3600000,
            "delete_contents_on_destroy": false,
            "description": "This is a test description",
            "etag": "aWhQ8xT/+1La/XNq316sPg==",
            "friendly_name": "test",
            "id": "projects/focal-balm-350606/datasets/example_dataset",
            "labels": {
              "env": "default"
            },
            "last_modified_time": 1656411991319,
            "location": "EU",
            "project": "focal-balm-350606",
            "self_link": "https://bigquery.googleapis.com/bigquery/v2/projects/focal-balm-350606/datasets/example_dataset",
            "timeouts": null
          },
          "sensitive_attributes": [],
          "private": "eyJlMmJmYjczMC1lY2FhLTExZTYtOGY4OC0zNDM2M2JjN2M0YzAiOnsiY3JlYXRlIjoxMjAwMDAwMDAwMDAwLCJkZWxldGUiOjEyMDAwMDAwMDAwMDAsInVwZGF0ZSI6MTIwMDAwMDAwMDAwMH19"
        }
      ]
    }
  ]
}
