{
  "version": 4,
  "terraform_version": "1.2.2",
  "serial": 70,
  "lineage": "577eaa75-5368-c492-6888-e58467858fc7",
  "outputs": {
    "id": {
      "value": "projects/smiling-garden-351111/locations/us-central1/clusters/my-vpc-native-cluster",
      "type": "string"
    }
  },
  "resources": [
    {
      "module": "module.my_vpc_native_cluster",
      "mode": "managed",
      "type": "google_compute_network",
      "name": "custom",
      "provider": "module.my_vpc_native_cluster.provider[\"registry.terraform.io/hashicorp/google\"]",
      "instances": [
        {
          "schema_version": 0,
          "attributes": {
            "auto_create_subnetworks": false,
            "delete_default_routes_on_create": false,
            "description": "",
            "gateway_ipv4": "",
            "id": "projects/smiling-garden-351111/global/networks/test-network",
            "mtu": 0,
            "name": "test-network",
            "project": "smiling-garden-351111",
            "routing_mode": "REGIONAL",
            "self_link": "https://www.googleapis.com/compute/v1/projects/smiling-garden-351111/global/networks/test-network",
            "timeouts": null
          },
          "sensitive_attributes": [],
          "private": "eyJlMmJmYjczMC1lY2FhLTExZTYtOGY4OC0zNDM2M2JjN2M0YzAiOnsiY3JlYXRlIjoxMjAwMDAwMDAwMDAwLCJkZWxldGUiOjEyMDAwMDAwMDAwMDAsInVwZGF0ZSI6MTIwMDAwMDAwMDAwMH19"
        }
      ]
    },
    {
      "module": "module.my_vpc_native_cluster",
      "mode": "managed",
      "type": "google_compute_subnetwork",
      "name": "custom",
      "provider": "module.my_vpc_native_cluster.provider[\"registry.terraform.io/hashicorp/google\"]",
      "instances": [
        {
          "schema_version": 0,
          "attributes": {
            "creation_timestamp": "2022-06-10T04:07:08.168-07:00",
            "description": "",
            "external_ipv6_prefix": "",
            "fingerprint": null,
            "gateway_address": "10.2.0.1",
            "id": "projects/smiling-garden-351111/regions/us-central1/subnetworks/test-subnetwork",
            "ip_cidr_range": "10.2.0.0/16",
            "ipv6_access_type": "",
            "ipv6_cidr_range": "",
            "log_config": [],
            "name": "test-subnetwork",
            "network": "https://www.googleapis.com/compute/v1/projects/smiling-garden-351111/global/networks/test-network",
            "private_ip_google_access": false,
            "private_ipv6_google_access": "DISABLE_GOOGLE_ACCESS",
            "project": "smiling-garden-351111",
            "purpose": "PRIVATE",
            "region": "us-central1",
            "role": "",
            "secondary_ip_range": [
              {
                "ip_cidr_range": "192.168.1.0/24",
                "range_name": "services-range"
              },
              {
                "ip_cidr_range": "192.168.64.0/22",
                "range_name": "pod-ranges"
              }
            ],
            "self_link": "https://www.googleapis.com/compute/v1/projects/smiling-garden-351111/regions/us-central1/subnetworks/test-subnetwork",
            "stack_type": "IPV4_ONLY",
            "timeouts": null
          },
          "sensitive_attributes": [],
          "private": "eyJlMmJmYjczMC1lY2FhLTExZTYtOGY4OC0zNDM2M2JjN2M0YzAiOnsiY3JlYXRlIjoxMjAwMDAwMDAwMDAwLCJkZWxldGUiOjEyMDAwMDAwMDAwMDAsInVwZGF0ZSI6MTIwMDAwMDAwMDAwMH19",
          "dependencies": [
            "module.my_vpc_native_cluster.google_compute_network.custom"
          ]
        }
      ]
    },
    {
      "module": "module.my_vpc_native_cluster",
      "mode": "managed",
      "type": "google_container_cluster",
      "name": "my_vpc_native_cluster",
      "provider": "module.my_vpc_native_cluster.provider[\"registry.terraform.io/hashicorp/google\"]",
      "instances": [
        {
          "schema_version": 1,
          "attributes": {
            "addons_config": [
              {
                "cloudrun_config": [],
                "gcp_filestore_csi_driver_config": [],
                "horizontal_pod_autoscaling": [],
                "http_load_balancing": [],
                "network_policy_config": [
                  {
                    "disabled": true
                  }
                ]
              }
            ],
            "authenticator_groups_config": [],
            "cluster_autoscaling": [
              {
                "auto_provisioning_defaults": [],
                "enabled": false,
                "resource_limits": []
              }
            ],
            "cluster_ipv4_cidr": "192.168.1.0/24",
            "confidential_nodes": [],
            "database_encryption": [
              {
                "key_name": "",
                "state": "DECRYPTED"
              }
            ],
            "datapath_provider": "",
            "default_max_pods_per_node": 10,
            "default_snat_status": [
              {
                "disabled": false
              }
            ],
            "description": "",
            "dns_config": [],
            "enable_autopilot": false,
            "enable_binary_authorization": false,
            "enable_intranode_visibility": false,
            "enable_kubernetes_alpha": false,
            "enable_legacy_abac": false,
            "enable_shielded_nodes": true,
            "enable_tpu": false,
            "endpoint": "34.121.75.93",
            "id": "projects/smiling-garden-351111/locations/us-central1/clusters/my-vpc-native-cluster",
            "initial_node_count": 1,
            "ip_allocation_policy": [
              {
                "cluster_ipv4_cidr_block": "192.168.1.0/24",
                "cluster_secondary_range_name": "services-range",
                "services_ipv4_cidr_block": "192.168.64.0/22",
                "services_secondary_range_name": "pod-ranges"
              }
            ],
            "label_fingerprint": "a9dc16a7",
            "location": "us-central1",
            "logging_config": [
              {
                "enable_components": [
                  "SYSTEM_COMPONENTS",
                  "WORKLOADS"
                ]
              }
            ],
            "logging_service": "logging.googleapis.com/kubernetes",
            "maintenance_policy": [],
            "master_auth": [
              {
                "client_certificate": "",
                "client_certificate_config": [
                  {
                    "issue_client_certificate": false
                  }
                ],
                "client_key": "",
                "cluster_ca_certificate": "LS0tLS1CRUdJTiBDRVJUSUZJQ0FURS0tLS0tCk1JSUVMVENDQXBXZ0F3SUJBZ0lSQU5HZE1jOGtjK2phMHZ0N25XZTRhR013RFFZSktvWklodmNOQVFFTEJRQXcKTHpFdE1Dc0dBMVVFQXhNa1pEVTJZelU1T1RRdE5XTXpaQzAwTm1WaUxXRXpNR0l0TjJWbFlUZ3pabVZoT1RkaQpNQ0FYRFRJeU1EWXhNREV3TURjek1Gb1lEekl3TlRJd05qQXlNVEV3TnpNd1dqQXZNUzB3S3dZRFZRUURFeVJrCk5UWmpOVGs1TkMwMVl6TmtMVFEyWldJdFlUTXdZaTAzWldWaE9ETm1aV0U1TjJJd2dnR2lNQTBHQ1NxR1NJYjMKRFFFQkFRVUFBNElCandBd2dnR0tBb0lCZ1FETG52NExmZFVLYTY0eUN1RjFTYUw3aVgwY3dBYlNSZ2VnblFPTApBTi94ZDNIWk5mS1NocWo4RE1LRjQ2aUp0YjZkcTRSL2w1ZU16NTVsOG1tcURvT0w2dEhIZlFSeENVQThCbk5BClIxSUY1ZGppNlluemdNUCszWjJUQlBlb29IVGlZMU4xQlZsb3l3VTVFbkkvcTI4S0VNZmtweWhyaG14V1U2NDIKMzZ0Z2xOTE1PMjJCeGtpeU5hcklSZldaNThrU3IzODB5eTZnSlY0WlllS2pjclEyWFhoelJWMlJzSU94OTRJdgpRMU4vaExCOFpTcDdqR0VqMGErZkVKeENQb1c1b1grbkVLdnQrdEJKTkNycWNtNVNSVnlHcENURXhhUDVDMyt3Ck9jcGFKTXZBVWNSNjhCdXhEeFhDN3pBTHI2OThVTzl2ampWVUZkLzc2UUt6V29kRllFSHE0dkxPOStOekg3ek4KamFOeExWV3B3cTJQWXo1QUhDWnZNczU1Nmw1QjNWWVA0cVV6OEJrQ09VSThsS3FKdm9zK1JXUmFJdmY0MGtYMgpoV0xMYk0yVWpoYWZNVk03U0JSSXVodHJDZVhpZHg1YWFHQmlFWG9mQXZITWtUb2ZOSFBLZzNVcUttRnFRT1IxCnFwR01USU9BTmovaG4wcG05RmhVZmpoWFlIa0NBd0VBQWFOQ01FQXdEZ1lEVlIwUEFRSC9CQVFEQWdJRU1BOEcKQTFVZEV3RUIvd1FGTUFNQkFmOHdIUVlEVlIwT0JCWUVGR3FadEQ4SUJRa2tGQ3lXUGNabDJEU1d4ZUtTTUEwRwpDU3FHU0liM0RRRUJDd1VBQTRJQmdRQ0x5elhSL21yc0ZnRHFTZTFrdWU3dXVlSUVUN0Ywa25Pb3Y5YlIyTnUrClRjK0V2bitrcWZsaDd2MXNvSGNZeU5ybE54VzNXamxnME5Ea1g5N3lnMzRPK3BqZm9TdkV2QUFURDNRMk9QaEUKb0p5NU44TmhQTmF2Z0lnMnQ2L3RzaGRWbUh1c1RzdGd1WkVmMHkwRUMyWjN3OWFTNXZPR2dJUTZnMDUzZUlSZAo3MHUxYzhLL0xUbTZlWGxpZ3k1U2RuS05wbzg0bFVXb1BYeVlBWTBKS3JIV0QxNE5aT3RObkhWQTdYNURWZW1ZCkhKZW95TWRxNHJwaXpsZ2dXVEExemVtY2l6Zjh2eU9xMjNSVDZmOGJKQ0wzK3VhaU5GaHRuRjd3b3BpazdQeFgKV1F3ei81T0ZTaUdDZ2p6NTlSMXNFUlMwMW9XTGFvSmYxeHV0VmdhNkVadzRkb2ZCdVk2dklKOG5YUHNpWHpYMApJaXlLN2tmRnl1UmZBanNyU0VjQS9HZEpnYWdSNXRuZ0pQT3lyemhhcWpxbW1aZDRUQWNiYTBTdFJvU25QRzl6CnFDMms3Nm9tT0RBLy9icm9mbUQ3dTE3S0s1YmZnVmpKTXZzUEQ2TEt5L1lKL093SUdBQ21FcWl5azZqSndGODYKK1Q1MmJzK0tYRFRiYm1oZXR2QU1EZlE9Ci0tLS0tRU5EIENFUlRJRklDQVRFLS0tLS0K"
              }
            ],
            "master_authorized_networks_config": [],
            "master_version": "1.22.8-gke.201",
            "min_master_version": null,
            "monitoring_config": [
              {
                "enable_components": [
                  "SYSTEM_COMPONENTS"
                ]
              }
            ],
            "monitoring_service": "monitoring.googleapis.com/kubernetes",
            "name": "my-vpc-native-cluster",
            "network": "projects/smiling-garden-351111/global/networks/test-network",
            "network_policy": [
              {
                "enabled": false,
                "provider": "PROVIDER_UNSPECIFIED"
              }
            ],
            "networking_mode": "VPC_NATIVE",
            "node_config": [
              {
                "boot_disk_kms_key": "",
                "disk_size_gb": 100,
                "disk_type": "pd-standard",
                "gcfs_config": [],
                "guest_accelerator": [],
                "gvnic": [],
                "image_type": "COS_CONTAINERD",
                "labels": {},
                "local_ssd_count": 0,
                "machine_type": "e2-medium",
                "metadata": {
                  "disable-legacy-endpoints": "true"
                },
                "min_cpu_platform": "",
                "node_group": "",
                "oauth_scopes": [
                  "https://www.googleapis.com/auth/devstorage.read_only",
                  "https://www.googleapis.com/auth/logging.write",
                  "https://www.googleapis.com/auth/monitoring",
                  "https://www.googleapis.com/auth/service.management.readonly",
                  "https://www.googleapis.com/auth/servicecontrol",
                  "https://www.googleapis.com/auth/trace.append"
                ],
                "preemptible": false,
                "service_account": "default",
                "shielded_instance_config": [
                  {
                    "enable_integrity_monitoring": true,
                    "enable_secure_boot": false
                  }
                ],
                "tags": [],
                "taint": [],
                "workload_metadata_config": []
              }
            ],
            "node_locations": [
              "us-central1-a",
              "us-central1-b",
              "us-central1-f"
            ],
            "node_pool": [
              {
                "autoscaling": [],
                "initial_node_count": 1,
                "instance_group_urls": [
                  "https://www.googleapis.com/compute/v1/projects/smiling-garden-351111/zones/us-central1-a/instanceGroupManagers/gke-my-vpc-native-cluste-default-pool-ea05e613-grp",
                  "https://www.googleapis.com/compute/v1/projects/smiling-garden-351111/zones/us-central1-f/instanceGroupManagers/gke-my-vpc-native-cluste-default-pool-28e75202-grp",
                  "https://www.googleapis.com/compute/v1/projects/smiling-garden-351111/zones/us-central1-b/instanceGroupManagers/gke-my-vpc-native-cluste-default-pool-c191a68d-grp"
                ],
                "managed_instance_group_urls": [
                  "https://www.googleapis.com/compute/v1/projects/smiling-garden-351111/zones/us-central1-a/instanceGroups/gke-my-vpc-native-cluste-default-pool-ea05e613-grp",
                  "https://www.googleapis.com/compute/v1/projects/smiling-garden-351111/zones/us-central1-f/instanceGroups/gke-my-vpc-native-cluste-default-pool-28e75202-grp",
                  "https://www.googleapis.com/compute/v1/projects/smiling-garden-351111/zones/us-central1-b/instanceGroups/gke-my-vpc-native-cluste-default-pool-c191a68d-grp"
                ],
                "management": [
                  {
                    "auto_repair": true,
                    "auto_upgrade": true
                  }
                ],
                "max_pods_per_node": 10,
                "name": "default-pool",
                "name_prefix": "",
                "node_config": [
                  {
                    "boot_disk_kms_key": "",
                    "disk_size_gb": 100,
                    "disk_type": "pd-standard",
                    "gcfs_config": [],
                    "guest_accelerator": [],
                    "gvnic": [],
                    "image_type": "COS_CONTAINERD",
                    "labels": {},
                    "local_ssd_count": 0,
                    "machine_type": "e2-medium",
                    "metadata": {
                      "disable-legacy-endpoints": "true"
                    },
                    "min_cpu_platform": "",
                    "node_group": "",
                    "oauth_scopes": [
                      "https://www.googleapis.com/auth/devstorage.read_only",
                      "https://www.googleapis.com/auth/logging.write",
                      "https://www.googleapis.com/auth/monitoring",
                      "https://www.googleapis.com/auth/service.management.readonly",
                      "https://www.googleapis.com/auth/servicecontrol",
                      "https://www.googleapis.com/auth/trace.append"
                    ],
                    "preemptible": false,
                    "service_account": "default",
                    "shielded_instance_config": [
                      {
                        "enable_integrity_monitoring": true,
                        "enable_secure_boot": false
                      }
                    ],
                    "tags": [],
                    "taint": [],
                    "workload_metadata_config": []
                  }
                ],
                "node_count": 1,
                "node_locations": [
                  "us-central1-a",
                  "us-central1-b",
                  "us-central1-f"
                ],
                "upgrade_settings": [
                  {
                    "max_surge": 1,
                    "max_unavailable": 0
                  }
                ],
                "version": "1.22.8-gke.201"
              }
            ],
            "node_version": "1.22.8-gke.201",
            "operation": null,
            "private_cluster_config": [],
            "private_ipv6_google_access": "",
            "project": "smiling-garden-351111",
            "release_channel": [
              {
                "channel": "REGULAR"
              }
            ],
            "remove_default_node_pool": null,
            "resource_labels": null,
            "resource_usage_export_config": [],
            "self_link": "https://container.googleapis.com/v1/projects/smiling-garden-351111/locations/us-central1/clusters/my-vpc-native-cluster",
            "services_ipv4_cidr": "192.168.64.0/22",
            "subnetwork": "projects/smiling-garden-351111/regions/us-central1/subnetworks/test-subnetwork",
            "timeouts": null,
            "tpu_ipv4_cidr_block": "",
            "vertical_pod_autoscaling": [],
            "workload_identity_config": []
          },
          "sensitive_attributes": [],
          "private": "eyJlMmJmYjczMC1lY2FhLTExZTYtOGY4OC0zNDM2M2JjN2M0YzAiOnsiY3JlYXRlIjoyNDAwMDAwMDAwMDAwLCJkZWxldGUiOjI0MDAwMDAwMDAwMDAsInJlYWQiOjI0MDAwMDAwMDAwMDAsInVwZGF0ZSI6MzYwMDAwMDAwMDAwMH0sInNjaGVtYV92ZXJzaW9uIjoiMSJ9",
          "dependencies": [
            "module.my_vpc_native_cluster.google_compute_network.custom",
            "module.my_vpc_native_cluster.google_compute_subnetwork.custom"
          ]
        }
      ]
    }
  ]
}
