{
  "version": 4,
  "terraform_version": "1.2.2",
  "serial": 67,
  "lineage": "577eaa75-5368-c492-6888-e58467858fc7",
  "outputs": {},
  "resources": [
    {
      "module": "module.my_vpc_native_cluster",
      "mode": "managed",
      "type": "google_compute_network",
      "name": "custom",
      "provider": "module.my_vpc_native_cluster.provider[\"registry.terraform.io/hashicorp/google\"]",
      "instances": [
        {
          "schema_version": 0,
          "attributes": {
            "auto_create_subnetworks": false,
            "delete_default_routes_on_create": false,
            "description": "",
            "gateway_ipv4": "",
            "id": "projects/smiling-garden-351111/global/networks/test-network",
            "mtu": 0,
            "name": "test-network",
            "project": "smiling-garden-351111",
            "routing_mode": "REGIONAL",
            "self_link": "https://www.googleapis.com/compute/v1/projects/smiling-garden-351111/global/networks/test-network",
            "timeouts": null
          },
          "sensitive_attributes": [],
          "private": "eyJlMmJmYjczMC1lY2FhLTExZTYtOGY4OC0zNDM2M2JjN2M0YzAiOnsiY3JlYXRlIjoxMjAwMDAwMDAwMDAwLCJkZWxldGUiOjEyMDAwMDAwMDAwMDAsInVwZGF0ZSI6MTIwMDAwMDAwMDAwMH19"
        }
      ]
    },
    {
      "module": "module.my_vpc_native_cluster",
      "mode": "managed",
      "type": "google_container_cluster",
      "name": "my_vpc_native_cluster",
      "provider": "module.my_vpc_native_cluster.provider[\"registry.terraform.io/hashicorp/google\"]",
      "instances": []
    }
  ]
}
