{
  "version": 4,
  "terraform_version": "1.2.2",
  "serial": 14,
  "lineage": "1e3abcf3-6398-abb4-f906-a7b17a413b7e",
  "outputs": {
    "id": {
      "value": "projects/focal-balm-350606/locations/asia-southeast1/clusters/gke-cluster",
      "type": "string"
    }
  },
  "resources": [
    {
      "module": "module.gke-cluster",
      "mode": "managed",
      "type": "google_container_cluster",
      "name": "gke-cluster",
      "provider": "module.gke-cluster.provider[\"registry.terraform.io/hashicorp/google\"]",
      "instances": [
        {
          "schema_version": 1,
          "attributes": {
            "addons_config": [
              {
                "cloudrun_config": [],
                "gcp_filestore_csi_driver_config": [],
                "horizontal_pod_autoscaling": [],
                "http_load_balancing": [],
                "network_policy_config": [
                  {
                    "disabled": true
                  }
                ]
              }
            ],
            "authenticator_groups_config": [],
            "cluster_autoscaling": [
              {
                "auto_provisioning_defaults": [],
                "enabled": false,
                "resource_limits": []
              }
            ],
            "cluster_ipv4_cidr": "10.0.0.0/14",
            "confidential_nodes": [],
            "database_encryption": [
              {
                "key_name": "",
                "state": "DECRYPTED"
              }
            ],
            "datapath_provider": "",
            "default_max_pods_per_node": null,
            "default_snat_status": [
              {
                "disabled": false
              }
            ],
            "description": "",
            "dns_config": [],
            "enable_autopilot": false,
            "enable_binary_authorization": false,
            "enable_intranode_visibility": false,
            "enable_kubernetes_alpha": false,
            "enable_legacy_abac": false,
            "enable_shielded_nodes": true,
            "enable_tpu": false,
            "endpoint": "35.197.132.213",
            "id": "projects/focal-balm-350606/locations/asia-southeast1/clusters/gke-cluster",
            "initial_node_count": 1,
            "ip_allocation_policy": [],
            "label_fingerprint": "a9dc16a7",
            "location": "asia-southeast1",
            "logging_config": [
              {
                "enable_components": [
                  "SYSTEM_COMPONENTS",
                  "WORKLOADS"
                ]
              }
            ],
            "logging_service": "logging.googleapis.com/kubernetes",
            "maintenance_policy": [],
            "master_auth": [
              {
                "client_certificate": "",
                "client_certificate_config": [
                  {
                    "issue_client_certificate": false
                  }
                ],
                "client_key": "",
                "cluster_ca_certificate": "LS0tLS1CRUdJTiBDRVJUSUZJQ0FURS0tLS0tCk1JSUVMVENDQXBXZ0F3SUJBZ0lSQVAyU3JWanNGQ2d3RmNOZ2NwRmw0cEF3RFFZSktvWklodmNOQVFFTEJRQXcKTHpFdE1Dc0dBMVVFQXhNa09HVmtNRGRqTWpNdE9HSmlOQzAwT1dJekxXRTBPR010WWpCaFpUZ3daRFEzT0RkaQpNQ0FYRFRJeU1EWXdPVEE0TURrek9Wb1lEekl3TlRJd05qQXhNRGt3T1RNNVdqQXZNUzB3S3dZRFZRUURFeVE0ClpXUXdOMk15TXkwNFltSTBMVFE1WWpNdFlUUTRZeTFpTUdGbE9EQmtORGM0TjJJd2dnR2lNQTBHQ1NxR1NJYjMKRFFFQkFRVUFBNElCandBd2dnR0tBb0lCZ1FEVnYwbGs3bW1mTE1Ua2FWQ0tWVXpndlMvWWJkcXRKMEk0dVBvTApwbzV6NEdqaE9tNDFCV0FBUWM1cTBLNkZjU0FaaXhVa0pNcDU4UE8xMDU2L20yMnNNVzNQd3Fvd2dhZk5KN1NuClhRaERWdXV3MGlUZUNrTUNsS2o4UHRvUlRlUWczWEl0VGI5Umt1ajZ2bHcwS2NmZzlLQXFScTJmQlh3QlBOem4Kamx2bXY4bzlUZDI1eFVWQ0VoOEh3eUJaRFNWYjE0bUNrS1lEeExWL0V2aWtiTXpZNGxHOHpNcmxoMmNSeWY4OQpXd1JjOWlPMUlxc2tERnhnUVRLeTF3QTZUc2E2ZzlXRU1FNFZ4dzhERWFvRGErS0lsYjI1d0QrR0EwRWR2YTdUCno2QWtUVVRGSVdFQkkrcGQxRXNLdDdiS3pxeWlFa1BPWGdGMlhlcVV2K2tXSVVIK3lwWHJKL2R5cXQyRVFlUmcKTkY4WXN4djZDNW4ySVpBNkZ2SVk5blNaS1dJMGczQVU5ZzRvbU96b0F6czhhTXBybVI3RzVtR0IrKytqV1JTdQpqakc0MkpFT0ViRWxrQzkxb1NNNXVLdXUrU2N1eTBFaXhNMjFTa3pNZXBaVGpTcjYxMlpQSHZjRk5XWkpxZnpnCjFZT1VQUmNhOGFVMEJZbktZSkh0RHlSbk1VVUNBd0VBQWFOQ01FQXdEZ1lEVlIwUEFRSC9CQVFEQWdJRU1BOEcKQTFVZEV3RUIvd1FGTUFNQkFmOHdIUVlEVlIwT0JCWUVGTkZHeWxrblRQM0hTWWN5UUxSK3FrRUlHVENLTUEwRwpDU3FHU0liM0RRRUJDd1VBQTRJQmdRQ3RWK1RsdDBKOUdkZEhpVUg5eFVxN09LWHRaYmJ4a3ErRUhsRW5wbU9IClkrekgvcDQ0eVhGNlQ5b25tSUdQMk1pK2hjZ0pDcUVYWGRFYnBlSTVwL1pMSEJZWWxPYnB4UExrUTVrbk0wUEYKV28rU1lVSGxEVHdWMXFGUDN0RlY5a3c4eThoN05mUGlXSTVwZ2NQZ2lidG9YWDFNTW9ESGNySm02VkpubUhmRwovMHROWXAyMU4zcVYya2QxTVJHQXZHMFZSajBwL2REVEhueFRvZE5sSDd6ZUtMc1krcnMzYXFKTUsyUTVWRDJJCndLeUR5V3hjb2RhNktjZWVZWWdqSm9PaHN0RW5palhVZmNRSjJ2OUJUSVJHRGVYNklwQ2J6TzFkMkRTNlo1SGkKbWVzK29lQ2RZUnVVR2Z2ajFWRUt5bWM3RDVsdmUzeVBZeGthenFSMkovVHBBV0FNTldnbUZ3b01LOGgxV0JwcgpFZVJ3aTFFQVF4VjB3VTFsNWFNMzE2U0xyc0VFOEk1S0NJdVFEdU14S0RtS0VEeXZzbmNkcCtRYVIrQ0dxRU16Cm56a0xTSXZzMmhtZDZlemRpT0Q2K3dpTC9wMENEbVNTcTBXTUJUd2lKWjh4R3ZyUFBOOHB5cWVhVEhLbFl4c28KaGo4cUwwSHI4L09hbXpZRUppemtuTjQ9Ci0tLS0tRU5EIENFUlRJRklDQVRFLS0tLS0K"
              }
            ],
            "master_authorized_networks_config": [],
            "master_version": "1.22.8-gke.201",
            "min_master_version": null,
            "monitoring_config": [
              {
                "enable_components": [
                  "SYSTEM_COMPONENTS"
                ]
              }
            ],
            "monitoring_service": "monitoring.googleapis.com/kubernetes",
            "name": "gke-cluster",
            "network": "projects/focal-balm-350606/global/networks/default",
            "network_policy": [
              {
                "enabled": false,
                "provider": "PROVIDER_UNSPECIFIED"
              }
            ],
            "networking_mode": "ROUTES",
            "node_config": [],
            "node_locations": [
              "asia-southeast1-a",
              "asia-southeast1-b",
              "asia-southeast1-c"
            ],
            "node_pool": [],
            "node_version": "1.22.8-gke.201",
            "operation": null,
            "private_cluster_config": [],
            "private_ipv6_google_access": "",
            "project": "focal-balm-350606",
            "release_channel": [
              {
                "channel": "REGULAR"
              }
            ],
            "remove_default_node_pool": true,
            "resource_labels": null,
            "resource_usage_export_config": [],
            "self_link": "https://container.googleapis.com/v1/projects/focal-balm-350606/locations/asia-southeast1/clusters/gke-cluster",
            "services_ipv4_cidr": "10.3.240.0/20",
            "subnetwork": "projects/focal-balm-350606/regions/asia-southeast1/subnetworks/default",
            "timeouts": null,
            "tpu_ipv4_cidr_block": "",
            "vertical_pod_autoscaling": [],
            "workload_identity_config": []
          },
          "sensitive_attributes": [],
          "private": "eyJlMmJmYjczMC1lY2FhLTExZTYtOGY4OC0zNDM2M2JjN2M0YzAiOnsiY3JlYXRlIjoyNDAwMDAwMDAwMDAwLCJkZWxldGUiOjI0MDAwMDAwMDAwMDAsInJlYWQiOjI0MDAwMDAwMDAwMDAsInVwZGF0ZSI6MzYwMDAwMDAwMDAwMH0sInNjaGVtYV92ZXJzaW9uIjoiMSJ9"
        }
      ]
    }
  ]
}
