{
  "version": 4,
  "terraform_version": "1.2.2",
  "serial": 7,
  "lineage": "5e94c7b6-2c93-9257-d4d9-52d2acf8e494",
  "outputs": {},
  "resources": [
    {
      "module": "module.default",
      "mode": "managed",
      "type": "google_compute_firewall",
      "name": "default",
      "provider": "module.default.provider[\"registry.terraform.io/hashicorp/google\"]",
      "instances": []
    },
    {
      "module": "module.default",
      "mode": "managed",
      "type": "google_container_cluster",
      "name": "default",
      "provider": "module.default.provider[\"registry.terraform.io/hashicorp/google\"]",
      "instances": []
    },
    {
      "module": "module.default",
      "mode": "managed",
      "type": "google_service_account",
      "name": "default",
      "provider": "module.default.provider[\"registry.terraform.io/hashicorp/google\"]",
      "instances": [
        {
          "schema_version": 0,
          "attributes": {
            "account_id": "service-account",
            "description": "",
            "disabled": false,
            "display_name": "Service Account",
            "email": "service-account@focal-balm-350606.iam.gserviceaccount.com",
            "id": "projects/focal-balm-350606/serviceAccounts/service-account@focal-balm-350606.iam.gserviceaccount.com",
            "name": "projects/focal-balm-350606/serviceAccounts/service-account@focal-balm-350606.iam.gserviceaccount.com",
            "project": "focal-balm-350606",
            "timeouts": null,
            "unique_id": "107713746687025613048"
          },
          "sensitive_attributes": [],
          "private": "eyJlMmJmYjczMC1lY2FhLTExZTYtOGY4OC0zNDM2M2JjN2M0YzAiOnsiY3JlYXRlIjozMDAwMDAwMDAwMDB9fQ=="
        }
      ]
    }
  ]
}
