{
  "version": 4,
  "terraform_version": "1.2.2",
  "serial": 11,
  "lineage": "5e94c7b6-2c93-9257-d4d9-52d2acf8e494",
  "outputs": {
    "id": {
      "value": "projects/focal-balm-350606/locations/us-central1-a/clusters/marcellus-wallace",
      "type": "string"
    }
  },
  "resources": [
    {
      "module": "module.default",
      "mode": "managed",
      "type": "google_compute_firewall",
      "name": "default",
      "provider": "module.default.provider[\"registry.terraform.io/hashicorp/google\"]",
      "instances": [
        {
          "schema_version": 1,
          "attributes": {
            "allow": [
              {
                "ports": [
                  "80",
                  "8080",
                  "1000-2000"
                ],
                "protocol": "tcp"
              }
            ],
            "creation_timestamp": "2022-06-13T03:30:06.755-07:00",
            "deny": [],
            "description": "",
            "destination_ranges": [],
            "direction": "INGRESS",
            "disabled": false,
            "enable_logging": null,
            "id": "projects/focal-balm-350606/global/firewalls/firewall67",
            "log_config": [],
            "name": "firewall67",
            "network": "https://www.googleapis.com/compute/v1/projects/focal-balm-350606/global/networks/network67",
            "priority": 1000,
            "project": "focal-balm-350606",
            "self_link": "https://www.googleapis.com/compute/v1/projects/focal-balm-350606/global/firewalls/firewall67",
            "source_ranges": null,
            "source_service_accounts": null,
            "source_tags": [
              "bar",
              "foo"
            ],
            "target_service_accounts": null,
            "target_tags": null,
            "timeouts": null
          },
          "sensitive_attributes": [],
          "private": "eyJlMmJmYjczMC1lY2FhLTExZTYtOGY4OC0zNDM2M2JjN2M0YzAiOnsiY3JlYXRlIjoxMjAwMDAwMDAwMDAwLCJkZWxldGUiOjEyMDAwMDAwMDAwMDAsInVwZGF0ZSI6MTIwMDAwMDAwMDAwMH0sInNjaGVtYV92ZXJzaW9uIjoiMSJ9",
          "dependencies": [
            "module.default.google_compute_network.default"
          ]
        }
      ]
    },
    {
      "module": "module.default",
      "mode": "managed",
      "type": "google_compute_network",
      "name": "default",
      "provider": "module.default.provider[\"registry.terraform.io/hashicorp/google\"]",
      "instances": [
        {
          "schema_version": 0,
          "attributes": {
            "auto_create_subnetworks": true,
            "delete_default_routes_on_create": false,
            "description": "",
            "gateway_ipv4": "",
            "id": "projects/focal-balm-350606/global/networks/network67",
            "mtu": 0,
            "name": "network67",
            "project": "focal-balm-350606",
            "routing_mode": "REGIONAL",
            "self_link": "https://www.googleapis.com/compute/v1/projects/focal-balm-350606/global/networks/network67",
            "timeouts": null
          },
          "sensitive_attributes": [],
          "private": "eyJlMmJmYjczMC1lY2FhLTExZTYtOGY4OC0zNDM2M2JjN2M0YzAiOnsiY3JlYXRlIjoxMjAwMDAwMDAwMDAwLCJkZWxldGUiOjEyMDAwMDAwMDAwMDAsInVwZGF0ZSI6MTIwMDAwMDAwMDAwMH19"
        }
      ]
    },
    {
      "module": "module.default",
      "mode": "managed",
      "type": "google_container_cluster",
      "name": "default",
      "provider": "module.default.provider[\"registry.terraform.io/hashicorp/google\"]",
      "instances": [
        {
          "schema_version": 1,
          "attributes": {
            "addons_config": [
              {
                "cloudrun_config": [],
                "gcp_filestore_csi_driver_config": [],
                "horizontal_pod_autoscaling": [],
                "http_load_balancing": [],
                "network_policy_config": [
                  {
                    "disabled": true
                  }
                ]
              }
            ],
            "authenticator_groups_config": [],
            "cluster_autoscaling": [
              {
                "auto_provisioning_defaults": [],
                "enabled": false,
                "resource_limits": []
              }
            ],
            "cluster_ipv4_cidr": "10.64.0.0/14",
            "confidential_nodes": [],
            "database_encryption": [
              {
                "key_name": "",
                "state": "DECRYPTED"
              }
            ],
            "datapath_provider": "",
            "default_max_pods_per_node": null,
            "default_snat_status": [
              {
                "disabled": false
              }
            ],
            "description": "",
            "dns_config": [],
            "enable_autopilot": false,
            "enable_binary_authorization": false,
            "enable_intranode_visibility": false,
            "enable_kubernetes_alpha": false,
            "enable_legacy_abac": false,
            "enable_shielded_nodes": true,
            "enable_tpu": false,
            "endpoint": "104.154.116.186",
            "id": "projects/focal-balm-350606/locations/us-central1-a/clusters/marcellus-wallace",
            "initial_node_count": 3,
            "ip_allocation_policy": [],
            "label_fingerprint": "a9dc16a7",
            "location": "us-central1-a",
            "logging_config": [
              {
                "enable_components": [
                  "SYSTEM_COMPONENTS",
                  "WORKLOADS"
                ]
              }
            ],
            "logging_service": "logging.googleapis.com/kubernetes",
            "maintenance_policy": [],
            "master_auth": [
              {
                "client_certificate": "",
                "client_certificate_config": [
                  {
                    "issue_client_certificate": false
                  }
                ],
                "client_key": "",
                "cluster_ca_certificate": "LS0tLS1CRUdJTiBDRVJUSUZJQ0FURS0tLS0tCk1JSUVMRENDQXBTZ0F3SUJBZ0lRQ1diSVdCSVl0RXdXQXpOaGtjOVFzekFOQmdrcWhraUc5dzBCQVFzRkFEQXYKTVMwd0t3WURWUVFERXlRNU1ESmxNRFpsTlMwNVlXUmtMVFF4TmpVdFltUmhNaTFqWkRNMFlqQXdNelF3WmpNdwpJQmNOTWpJd05qRXpNRGt6TURBMldoZ1BNakExTWpBMk1EVXhNRE13TURaYU1DOHhMVEFyQmdOVkJBTVRKRGt3Ck1tVXdObVUxTFRsaFpHUXROREUyTlMxaVpHRXlMV05rTXpSaU1EQXpOREJtTXpDQ0FhSXdEUVlKS29aSWh2Y04KQVFFQkJRQURnZ0dQQURDQ0FZb0NnZ0dCQU9US2lSY20rVkFDSnRvUFFNNkQveC9NWnBrdFplaUhXWTBTUmFpbgovcnYyQlpuQWcyMnRsc2ZNSGZHeVFFV3gyOUlrV2x5WjUzUkMzWmxCNEx1M20vWUw3VHVNbklIdFpRT3NhS2VwCjlMVzJ6Um5OaW9INWVaNzlqV21oZEhrMW5rOHYwR0NEMEw3OFM0eXZqdkxrYllMN3YzY1VGMTBLNjdkZEp3SmwKUjNkNzhKYkhDUHZQZmdwRXdrZ3FPeDcxMndqcFhOVTVUR0NPUmErREhBTFJDUjJ4VXhOOVNpV08wWmZMY2VyOQpHdkZOL3Y5bC9hNCtCY0NrZ3djS0ZxZXVpWnZtOS9jRmtTV01iQk5CM3loNU9lQzZmT0o0dkNia1REaHlYcGduCkVLekE2OFhTcXlwYm9OaUZFellxSjdLQ3RtVkVVS1AveU9oSkw4RENVZ0IvVk1ROUZOOHc2VWlIdmRyVWZSQ2kKRjQ5VS9tM3E5YXZoOS92ZjhBcVRJZXduWC9WV1NRR3lrbEhxWmhsZXVEcEF0UUdiMnplRnNqOXB5VytocjUrQwpGMFUydjRzZlVyYnVXWUh3UjhQeGVsR1RUUFFPV3BKUVRkOU1NMXlpMTZwY1U3ZGNDeFU4K3pTOUE5TjVSRnZOCjRvZmtZNEVtYWliZ1BtSWJ6cG9nL0JUdUhRSURBUUFCbzBJd1FEQU9CZ05WSFE4QkFmOEVCQU1DQWdRd0R3WUQKVlIwVEFRSC9CQVV3QXdFQi96QWRCZ05WSFE0RUZnUVV2aWtvSXdOVmdzcnBYMWNRNStnZVFkVXhDQXN3RFFZSgpLb1pJaHZjTkFRRUxCUUFEZ2dHQkFKb2QyeVVNM21RbmFQK0RSbTdiYzVPaW54emg0YkhTbGN1cWtwcmF0N2N3ClFXYUZJeUNIblJhVFY4WGVOeHZUalpqdHRZNXNtSG1jMEcyc0FSU2U4N3VqL0cvNWtZdXFFL1orUW1wMlpRUjMKK2poMExjSXVHNDVCMDRpNHNWVytZOXBVTUYyWTM5WkdrY2Mrd01YQjBONUtuSzZKeHVFT3RhdXlIVjVkNnNTagpVUlJxL3hnWEdGMk9yVjU0VVUraXBJajU1QzBEZXNiVDdKbUpOL2xpRFZHTHdXWHF3czY2N043cXFIRGlJazArCllVb2NGMVFtd3BnYnFtK01YUXlHVzBJZ3JxY0VBcDI2akVtS2twVHlyaFJNWXBSdUYwaTYrU1dVdVA5Mk9hTnAKMk9CMk1zRXE0K1hkT2EyZ1ZhdCt4VjVoNU1ETm5qOXB1dVZVWEhNY2s4a1lDOGtGYUpMZ3A0M1dBYmtEYlR4VAppMVVMRnFqRkFXbnV0OUZWR1Vnd0RJa0c0TDJVb1d5ZGJVMlQxT2dKNnA4Um9ncW5JMW5yQ0R6ajYrUXVzbDZBCnBXZ0prVVlaWkY0Zy9lSmJJT25IcUU4ZGtuY0djMC9BK3FEMlltdG44S01xeWRnZEdpdDc4TlVKc1BFSGVBRzYKR3p3aGZPdGNneE5DUDJIbHRYZGR5QT09Ci0tLS0tRU5EIENFUlRJRklDQVRFLS0tLS0K"
              }
            ],
            "master_authorized_networks_config": [],
            "master_version": "1.22.8-gke.201",
            "min_master_version": null,
            "monitoring_config": [
              {
                "enable_components": [
                  "SYSTEM_COMPONENTS"
                ]
              }
            ],
            "monitoring_service": "monitoring.googleapis.com/kubernetes",
            "name": "marcellus-wallace",
            "network": "projects/focal-balm-350606/global/networks/network67",
            "network_policy": [
              {
                "enabled": false,
                "provider": "PROVIDER_UNSPECIFIED"
              }
            ],
            "networking_mode": "ROUTES",
            "node_config": [
              {
                "boot_disk_kms_key": "",
                "disk_size_gb": 100,
                "disk_type": "pd-standard",
                "gcfs_config": [],
                "guest_accelerator": [],
                "gvnic": [],
                "image_type": "COS_CONTAINERD",
                "labels": {
                  "foo": "bar"
                },
                "local_ssd_count": 0,
                "machine_type": "e2-medium",
                "metadata": {
                  "disable-legacy-endpoints": "true"
                },
                "min_cpu_platform": "",
                "node_group": "",
                "oauth_scopes": [
                  "https://www.googleapis.com/auth/cloud-platform"
                ],
                "preemptible": false,
                "service_account": "service-account@focal-balm-350606.iam.gserviceaccount.com",
                "shielded_instance_config": [
                  {
                    "enable_integrity_monitoring": true,
                    "enable_secure_boot": false
                  }
                ],
                "tags": [
                  "foo",
                  "bar"
                ],
                "taint": [],
                "workload_metadata_config": []
              }
            ],
            "node_locations": [],
            "node_pool": [
              {
                "autoscaling": [],
                "initial_node_count": 3,
                "instance_group_urls": [
                  "https://www.googleapis.com/compute/v1/projects/focal-balm-350606/zones/us-central1-a/instanceGroupManagers/gke-marcellus-wallace-default-pool-3f992ade-grp"
                ],
                "managed_instance_group_urls": [
                  "https://www.googleapis.com/compute/v1/projects/focal-balm-350606/zones/us-central1-a/instanceGroups/gke-marcellus-wallace-default-pool-3f992ade-grp"
                ],
                "management": [
                  {
                    "auto_repair": true,
                    "auto_upgrade": true
                  }
                ],
                "max_pods_per_node": 0,
                "name": "default-pool",
                "name_prefix": "",
                "node_config": [
                  {
                    "boot_disk_kms_key": "",
                    "disk_size_gb": 100,
                    "disk_type": "pd-standard",
                    "gcfs_config": [],
                    "guest_accelerator": [],
                    "gvnic": [],
                    "image_type": "COS_CONTAINERD",
                    "labels": {
                      "foo": "bar"
                    },
                    "local_ssd_count": 0,
                    "machine_type": "e2-medium",
                    "metadata": {
                      "disable-legacy-endpoints": "true"
                    },
                    "min_cpu_platform": "",
                    "node_group": "",
                    "oauth_scopes": [
                      "https://www.googleapis.com/auth/cloud-platform"
                    ],
                    "preemptible": false,
                    "service_account": "service-account@focal-balm-350606.iam.gserviceaccount.com",
                    "shielded_instance_config": [
                      {
                        "enable_integrity_monitoring": true,
                        "enable_secure_boot": false
                      }
                    ],
                    "tags": [
                      "foo",
                      "bar"
                    ],
                    "taint": [],
                    "workload_metadata_config": []
                  }
                ],
                "node_count": 3,
                "node_locations": [
                  "us-central1-a"
                ],
                "upgrade_settings": [
                  {
                    "max_surge": 1,
                    "max_unavailable": 0
                  }
                ],
                "version": "1.22.8-gke.201"
              }
            ],
            "node_version": "1.22.8-gke.201",
            "operation": null,
            "private_cluster_config": [],
            "private_ipv6_google_access": "",
            "project": "focal-balm-350606",
            "release_channel": [
              {
                "channel": "REGULAR"
              }
            ],
            "remove_default_node_pool": null,
            "resource_labels": null,
            "resource_usage_export_config": [],
            "self_link": "https://container.googleapis.com/v1/projects/focal-balm-350606/zones/us-central1-a/clusters/marcellus-wallace",
            "services_ipv4_cidr": "10.67.240.0/20",
            "subnetwork": "projects/focal-balm-350606/regions/us-central1/subnetworks/network67",
            "timeouts": {
              "create": "30m",
              "delete": null,
              "read": null,
              "update": "40m"
            },
            "tpu_ipv4_cidr_block": "",
            "vertical_pod_autoscaling": [],
            "workload_identity_config": []
          },
          "sensitive_attributes": [],
          "private": "eyJlMmJmYjczMC1lY2FhLTExZTYtOGY4OC0zNDM2M2JjN2M0YzAiOnsiY3JlYXRlIjoxODAwMDAwMDAwMDAwLCJkZWxldGUiOjI0MDAwMDAwMDAwMDAsInJlYWQiOjI0MDAwMDAwMDAwMDAsInVwZGF0ZSI6MjQwMDAwMDAwMDAwMH0sInNjaGVtYV92ZXJzaW9uIjoiMSJ9",
          "dependencies": [
            "module.default.google_compute_network.default",
            "module.default.google_service_account.default"
          ]
        }
      ]
    },
    {
      "module": "module.default",
      "mode": "managed",
      "type": "google_service_account",
      "name": "default",
      "provider": "module.default.provider[\"registry.terraform.io/hashicorp/google\"]",
      "instances": [
        {
          "schema_version": 0,
          "attributes": {
            "account_id": "service-account",
            "description": "",
            "disabled": false,
            "display_name": "Service Account",
            "email": "service-account@focal-balm-350606.iam.gserviceaccount.com",
            "id": "projects/focal-balm-350606/serviceAccounts/service-account@focal-balm-350606.iam.gserviceaccount.com",
            "name": "projects/focal-balm-350606/serviceAccounts/service-account@focal-balm-350606.iam.gserviceaccount.com",
            "project": "focal-balm-350606",
            "timeouts": null,
            "unique_id": "107713746687025613048"
          },
          "sensitive_attributes": [],
          "private": "eyJlMmJmYjczMC1lY2FhLTExZTYtOGY4OC0zNDM2M2JjN2M0YzAiOnsiY3JlYXRlIjozMDAwMDAwMDAwMDB9fQ=="
        }
      ]
    }
  ]
}
